
Microsoft Visual Studio Solution File, Format Version 12.00
# Visual Studio 15
VisualStudioVersion = 15.0.26730.15
MinimumVisualStudioVersion = 10.0.40219.1
Project("{FAE04EC0-301F-11D3-BF4B-00C04F79EFBC}") = "Azuro.Crm.SmsProcessor", "Azuro.Crm.SmsProcessor\Azuro.Crm.SmsProcessor.csproj", "{8AA9EE9A-F151-4DAD-8A4E-D915DF75A2CC}"
	ProjectSection(ProjectDependencies) = postProject
		{312D1634-A83D-4885-A364-0B1B3576BAC4} = {312D1634-A83D-4885-A364-0B1B3576BAC4}
		{F0E5066A-B741-4FA9-9E74-306EB2856FD2} = {F0E5066A-B741-4FA9-9E74-306EB2856FD2}
		{1A1F81B4-FB79-460A-9D82-693559A83E15} = {1A1F81B4-FB79-460A-9D82-693559A83E15}
		{6B4291C4-C236-40EF-A21E-D82CC15E2865} = {6B4291C4-C236-40EF-A21E-D82CC15E2865}
		{DC91E5EE-875B-4999-9750-5521666E30F8} = {DC91E5EE-875B-4999-9750-5521666E30F8}
	EndProjectSection
EndProject
Project("{FAE04EC0-301F-11D3-BF4B-00C04F79EFBC}") = "Azuro.Crm.SmsMessages", "Azuro.Crm.SmsMessages\Azuro.Crm.SmsMessages.csproj", "{F0E5066A-B741-4FA9-9E74-306EB2856FD2}"
EndProject
Project("{FAE04EC0-301F-11D3-BF4B-00C04F79EFBC}") = "Azuro.Crm.SmsPlugin.v2011", "Azuro.Crm.SmsPlugin.v2011\Azuro.Crm.SmsPlugin.v2011.csproj", "{313723CF-1152-4CA0-8B39-FD07150EC3D3}"
EndProject
Project("{FAE04EC0-301F-11D3-BF4B-00C04F79EFBC}") = "Azuro.Crm.Tester", "Azuro.Crm.Tester\Azuro.Crm.Tester.csproj", "{337E5CAE-2A77-498F-8884-0E232015C84E}"
EndProject
Project("{FAE04EC0-301F-11D3-BF4B-00C04F79EFBC}") = "Azuro.Crm.SmsMessageHandlers", "Azuro.Crm.SmsMessageHandlers\Azuro.Crm.SmsMessageHandlers.csproj", "{312D1634-A83D-4885-A364-0B1B3576BAC4}"
EndProject
Project("{FAE04EC0-301F-11D3-BF4B-00C04F79EFBC}") = "Azuro.Crm.Integration.Common", "Azuro.Crm.Integration.Common\Azuro.Crm.Integration.Common.csproj", "{6B4291C4-C236-40EF-A21E-D82CC15E2865}"
EndProject
Project("{FAE04EC0-301F-11D3-BF4B-00C04F79EFBC}") = "Azuro.Crm.Entities", "Azuro.Crm.Entities\Azuro.Crm.Entities.csproj", "{1A1F81B4-FB79-460A-9D82-693559A83E15}"
EndProject
Project("{FAE04EC0-301F-11D3-BF4B-00C04F79EFBC}") = "Azuro.UI.ExtractCrmEntities", "Azuro.UI.ExtractCrmEntities\Azuro.UI.ExtractCrmEntities.csproj", "{EADFB66D-B4ED-496D-8551-5A85A6FC8737}"
EndProject
Project("{FAE04EC0-301F-11D3-BF4B-00C04F79EFBC}") = "Azuro.Crm.ExtractEntities", "Azuro.Crm.ExtractEntities\Azuro.Crm.ExtractEntities.csproj", "{2471A2E1-2FA9-4F51-B1C1-6E1C36EB665F}"
EndProject
Project("{FAE04EC0-301F-11D3-BF4B-00C04F79EFBC}") = "Azuro.Crm.Integration.v2011", "Azuro.Crm.Integration.v2011\Azuro.Crm.Integration.v2011.csproj", "{DC91E5EE-875B-4999-9750-5521666E30F8}"
EndProject
Project("{FAE04EC0-301F-11D3-BF4B-00C04F79EFBC}") = "Azuro.Crm.KaseyaPlugin.v2011", "Azuro.Crm.KaseyaPlugin.v2011\Azuro.Crm.KaseyaPlugin.v2011.csproj", "{6B168A4B-AF3A-440C-A97F-52062DDF2FCC}"
EndProject
Project("{FAE04EC0-301F-11D3-BF4B-00C04F79EFBC}") = "Azuro.Crm.KaseyaTicketProcessor", "Azuro.Crm.KaseyaTicketProcessor\Azuro.Crm.KaseyaTicketProcessor.csproj", "{7105E038-3CC9-4C7E-B86D-952D66C3B242}"
EndProject
Project("{FAE04EC0-301F-11D3-BF4B-00C04F79EFBC}") = "Azuro.Crm.KaseyaIntegration.v2011", "Azuro.Crm.KaseyaIntegration.v2011\Azuro.Crm.KaseyaIntegration.v2011.csproj", "{B6DB525B-F1D2-4FC1-B060-F98D4B83AF3E}"
EndProject
Project("{2150E333-8FDC-42A3-9474-1A3956D46DE8}") = "CRM JScript", "CRM JScript", "{1AC7E627-A0AC-4645-9240-08E222469113}"
	ProjectSection(SolutionItems) = preProject
		CRM JScript\AccountBll.js = CRM JScript\AccountBll.js
		CRM JScript\CaseForm.js = CRM JScript\CaseForm.js
		CRM JScript\ContactBll.js = CRM JScript\ContactBll.js
		CRM JScript\DropDown.js = CRM JScript\DropDown.js
		CRM JScript\FetchUtil.js = CRM JScript\FetchUtil.js
		CRM JScript\LeadBll.js = CRM JScript\LeadBll.js
		CRM JScript\RibbonUtilities.js = CRM JScript\RibbonUtilities.js
		CRM JScript\SA LocalisationForm.js = CRM JScript\SA LocalisationForm.js
		CRM JScript\Settings.js = CRM JScript\Settings.js
		CRM JScript\Sms_OnRegardingChange.js = CRM JScript\Sms_OnRegardingChange.js
		CRM JScript\SmsForm.js = CRM JScript\SmsForm.js
	EndProjectSection
EndProject
Project("{2150E333-8FDC-42A3-9474-1A3956D46DE8}") = "SQL Script", "SQL Script", "{D9A5B962-8F83-4567-84FA-EFDB6B31D1AE}"
	ProjectSection(SolutionItems) = preProject
		SQL Scripts\CreateSmsSendLog.sql = SQL Scripts\CreateSmsSendLog.sql
		SQL Scripts\FetchSmsSendLog.sql = SQL Scripts\FetchSmsSendLog.sql
		SQL Scripts\InsertSmsSendLog.sql = SQL Scripts\InsertSmsSendLog.sql
		SQL Scripts\ListSmsSendLog.sql = SQL Scripts\ListSmsSendLog.sql
		SQL Scripts\UpdateSmsSendLog.sql = SQL Scripts\UpdateSmsSendLog.sql
	EndProjectSection
EndProject
Project("{FAE04EC0-301F-11D3-BF4B-00C04F79EFBC}") = "Azuro.Crm.Integration.Nable.Web", "Azuro.Crm.Integration.Nable.Web\Azuro.Crm.Integration.Nable.Web.csproj", "{8845B6E4-8046-4D89-93EC-DCB5FA7ED5EA}"
EndProject
Project("{FAE04EC0-301F-11D3-BF4B-00C04F79EFBC}") = "Azuro.Crm.Integration.Nable.Entities", "Azuro.Crm.Integration.Nable.Entities\Azuro.Crm.Integration.Nable.Entities.csproj", "{6752C1BD-82FB-4D24-8387-6003192E6C53}"
EndProject
Project("{FAE04EC0-301F-11D3-BF4B-00C04F79EFBC}") = "Azuro.Crm.Integration.Nable", "Azuro.Crm.Integration.Nable\Azuro.Crm.Integration.Nable.csproj", "{DAD73C65-3C24-49BA-8423-35823C020A5A}"
EndProject
Project("{FAE04EC0-301F-11D3-BF4B-00C04F79EFBC}") = "Azuro.Crm.Workflow.SupportDesk", "Azuro.Crm.Workflow.SupportDesk\Azuro.Crm.Workflow.SupportDesk.csproj", "{46AE634D-B806-4470-83D6-383EA349FA05}"
EndProject
Project("{FAE04EC0-301F-11D3-BF4B-00C04F79EFBC}") = "Azuro.Crm.Integration.Nable.Plugin", "Azuro.Crm.Integration.Nable.Plugin\Azuro.Crm.Integration.Nable.Plugin.csproj", "{95906518-6E29-4431-92F5-56B4CD32E618}"
EndProject
Project("{FAE04EC0-301F-11D3-BF4B-00C04F79EFBC}") = "Azuro.Crm.Workflow", "Azuro.Crm.Workflow\Azuro.Crm.Workflow.csproj", "{A946DDC6-2FD6-484F-9A9B-34CCC22CB134}"
EndProject
Project("{2150E333-8FDC-42A3-9474-1A3956D46DE8}") = "Batch Files", "Batch Files", "{DEC48F77-4B98-4B4E-AD8A-E695DDFB4262}"
	ProjectSection(SolutionItems) = preProject
		deployToAssemblyCache.bat = deployToAssemblyCache.bat
		GacInstall.bat = GacInstall.bat
		nugetpush.bat = nugetpush.bat
		RestartCRMServices.bat = RestartCRMServices.bat
	EndProjectSection
EndProject
Project("{FAE04EC0-301F-11D3-BF4B-00C04F79EFBC}") = "Azuro.Crm.SmsData", "Azuro.Crm.SmsData\Azuro.Crm.SmsData.csproj", "{D57268E6-B865-4A80-85B3-E9963E37BF4F}"
EndProject
Project("{2150E333-8FDC-42A3-9474-1A3956D46DE8}") = "CRM Solutions", "CRM Solutions", "{5CA043AC-93FD-494C-9E21-8C8877EDA2D6}"
	ProjectSection(SolutionItems) = preProject
		CRM Solutions\AzuroSmsSolution_1_0_0_5_managed_6.1.zip = CRM Solutions\AzuroSmsSolution_1_0_0_5_managed_6.1.zip
		CRM Solutions\AzuroSmsSolution_1_0_0_5_target_CRM_6.0_managed.zip = CRM Solutions\AzuroSmsSolution_1_0_0_5_target_CRM_6.0_managed.zip
	EndProjectSection
EndProject
Project("{FAE04EC0-301F-11D3-BF4B-00C04F79EFBC}") = "Azuro.Crm.Integration.v2015", "Azuro.Crm.Integration.v2015\Azuro.Crm.Integration.v2015.csproj", "{B41FD97F-6E6B-436D-8F7F-00D8F4507AF4}"
EndProject
Project("{2150E333-8FDC-42A3-9474-1A3956D46DE8}") = "Html", "Html", "{A3472BCA-2146-4B4C-8925-3EFCDF79815A}"
EndProject
Project("{FAE04EC0-301F-11D3-BF4B-00C04F79EFBC}") = "Azuro.Crm.Online.Workflow", "Azuro.Crm.Online.Workflow\Azuro.Crm.Online.Workflow.csproj", "{AAE263B9-2072-4635-9249-2BD2979C0AED}"
EndProject
Project("{FAE04EC0-301F-11D3-BF4B-00C04F79EFBC}") = "Azuro.Crm.Online.Common", "Azuro.Crm.Online.Common\Azuro.Crm.Online.Common.csproj", "{D139CDFE-C31D-4023-8F1B-A0183E8A9907}"
EndProject
Project("{FAE04EC0-301F-11D3-BF4B-00C04F79EFBC}") = "Azuro.Crm.SmsPlugin.v2016", "Azuro.Crm.SmsPlugin.v2016\Azuro.Crm.SmsPlugin.v2016.csproj", "{81A7A045-D7E5-41B0-953D-4D8EB0016AE0}"
EndProject
Project("{FAE04EC0-301F-11D3-BF4B-00C04F79EFBC}") = "Azuro.Crm.Test", "Azuro.Crm.Test\Azuro.Crm.Test.csproj", "{BF2F6525-955A-463D-8E0B-4805A65B9172}"
EndProject
Project("{FAE04EC0-301F-11D3-BF4B-00C04F79EFBC}") = "Azuro.Crm.Entities.EarlyBound", "Azuro.Crm.Entities.EarlyBound\Azuro.Crm.Entities.EarlyBound.csproj", "{4012DAE4-DB35-4B31-9B5D-FB373F755773}"
EndProject
Global
	GlobalSection(SolutionConfigurationPlatforms) = preSolution
		CD_ROM|Any CPU = CD_ROM|Any CPU
		CD_ROM|Mixed Platforms = CD_ROM|Mixed Platforms
		CD_ROM|x86 = CD_ROM|x86
		Debug|Any CPU = Debug|Any CPU
		Debug|Mixed Platforms = Debug|Mixed Platforms
		Debug|x86 = Debug|x86
		DVD-5|Any CPU = DVD-5|Any CPU
		DVD-5|Mixed Platforms = DVD-5|Mixed Platforms
		DVD-5|x86 = DVD-5|x86
		Release|Any CPU = Release|Any CPU
		Release|Mixed Platforms = Release|Mixed Platforms
		Release|x86 = Release|x86
		SingleImage|Any CPU = SingleImage|Any CPU
		SingleImage|Mixed Platforms = SingleImage|Mixed Platforms
		SingleImage|x86 = SingleImage|x86
		TrialBuild|Any CPU = TrialBuild|Any CPU
		TrialBuild|Mixed Platforms = TrialBuild|Mixed Platforms
		TrialBuild|x86 = TrialBuild|x86
	EndGlobalSection
	GlobalSection(ProjectConfigurationPlatforms) = postSolution
		{8AA9EE9A-F151-4DAD-8A4E-D915DF75A2CC}.CD_ROM|Any CPU.ActiveCfg = Release|Any CPU
		{8AA9EE9A-F151-4DAD-8A4E-D915DF75A2CC}.CD_ROM|Any CPU.Build.0 = Release|Any CPU
		{8AA9EE9A-F151-4DAD-8A4E-D915DF75A2CC}.CD_ROM|Mixed Platforms.ActiveCfg = Release|Any CPU
		{8AA9EE9A-F151-4DAD-8A4E-D915DF75A2CC}.CD_ROM|Mixed Platforms.Build.0 = Release|Any CPU
		{8AA9EE9A-F151-4DAD-8A4E-D915DF75A2CC}.CD_ROM|x86.ActiveCfg = Release|Any CPU
		{8AA9EE9A-F151-4DAD-8A4E-D915DF75A2CC}.Debug|Any CPU.ActiveCfg = Debug|Any CPU
		{8AA9EE9A-F151-4DAD-8A4E-D915DF75A2CC}.Debug|Any CPU.Build.0 = Debug|Any CPU
		{8AA9EE9A-F151-4DAD-8A4E-D915DF75A2CC}.Debug|Mixed Platforms.ActiveCfg = Debug|Any CPU
		{8AA9EE9A-F151-4DAD-8A4E-D915DF75A2CC}.Debug|Mixed Platforms.Build.0 = Debug|Any CPU
		{8AA9EE9A-F151-4DAD-8A4E-D915DF75A2CC}.Debug|x86.ActiveCfg = Debug|Any CPU
		{8AA9EE9A-F151-4DAD-8A4E-D915DF75A2CC}.DVD-5|Any CPU.ActiveCfg = Debug|Any CPU
		{8AA9EE9A-F151-4DAD-8A4E-D915DF75A2CC}.DVD-5|Any CPU.Build.0 = Debug|Any CPU
		{8AA9EE9A-F151-4DAD-8A4E-D915DF75A2CC}.DVD-5|Mixed Platforms.ActiveCfg = Debug|Any CPU
		{8AA9EE9A-F151-4DAD-8A4E-D915DF75A2CC}.DVD-5|Mixed Platforms.Build.0 = Debug|Any CPU
		{8AA9EE9A-F151-4DAD-8A4E-D915DF75A2CC}.DVD-5|x86.ActiveCfg = Debug|Any CPU
		{8AA9EE9A-F151-4DAD-8A4E-D915DF75A2CC}.Release|Any CPU.ActiveCfg = Release|Any CPU
		{8AA9EE9A-F151-4DAD-8A4E-D915DF75A2CC}.Release|Any CPU.Build.0 = Release|Any CPU
		{8AA9EE9A-F151-4DAD-8A4E-D915DF75A2CC}.Release|Mixed Platforms.ActiveCfg = Release|Any CPU
		{8AA9EE9A-F151-4DAD-8A4E-D915DF75A2CC}.Release|Mixed Platforms.Build.0 = Release|Any CPU
		{8AA9EE9A-F151-4DAD-8A4E-D915DF75A2CC}.Release|x86.ActiveCfg = Release|Any CPU
		{8AA9EE9A-F151-4DAD-8A4E-D915DF75A2CC}.SingleImage|Any CPU.ActiveCfg = Release|Any CPU
		{8AA9EE9A-F151-4DAD-8A4E-D915DF75A2CC}.SingleImage|Any CPU.Build.0 = Release|Any CPU
		{8AA9EE9A-F151-4DAD-8A4E-D915DF75A2CC}.SingleImage|Mixed Platforms.ActiveCfg = Release|Any CPU
		{8AA9EE9A-F151-4DAD-8A4E-D915DF75A2CC}.SingleImage|Mixed Platforms.Build.0 = Release|Any CPU
		{8AA9EE9A-F151-4DAD-8A4E-D915DF75A2CC}.SingleImage|x86.ActiveCfg = Release|Any CPU
		{8AA9EE9A-F151-4DAD-8A4E-D915DF75A2CC}.TrialBuild|Any CPU.ActiveCfg = TrialBuild|Any CPU
		{8AA9EE9A-F151-4DAD-8A4E-D915DF75A2CC}.TrialBuild|Any CPU.Build.0 = TrialBuild|Any CPU
		{8AA9EE9A-F151-4DAD-8A4E-D915DF75A2CC}.TrialBuild|Mixed Platforms.ActiveCfg = TrialBuild|Any CPU
		{8AA9EE9A-F151-4DAD-8A4E-D915DF75A2CC}.TrialBuild|Mixed Platforms.Build.0 = TrialBuild|Any CPU
		{8AA9EE9A-F151-4DAD-8A4E-D915DF75A2CC}.TrialBuild|x86.ActiveCfg = TrialBuild|Any CPU
		{F0E5066A-B741-4FA9-9E74-306EB2856FD2}.CD_ROM|Any CPU.ActiveCfg = Release|Any CPU
		{F0E5066A-B741-4FA9-9E74-306EB2856FD2}.CD_ROM|Any CPU.Build.0 = Release|Any CPU
		{F0E5066A-B741-4FA9-9E74-306EB2856FD2}.CD_ROM|Mixed Platforms.ActiveCfg = Release|Any CPU
		{F0E5066A-B741-4FA9-9E74-306EB2856FD2}.CD_ROM|Mixed Platforms.Build.0 = Release|Any CPU
		{F0E5066A-B741-4FA9-9E74-306EB2856FD2}.CD_ROM|x86.ActiveCfg = Release|Any CPU
		{F0E5066A-B741-4FA9-9E74-306EB2856FD2}.Debug|Any CPU.ActiveCfg = Debug|Any CPU
		{F0E5066A-B741-4FA9-9E74-306EB2856FD2}.Debug|Any CPU.Build.0 = Debug|Any CPU
		{F0E5066A-B741-4FA9-9E74-306EB2856FD2}.Debug|Mixed Platforms.ActiveCfg = Debug|Any CPU
		{F0E5066A-B741-4FA9-9E74-306EB2856FD2}.Debug|Mixed Platforms.Build.0 = Debug|Any CPU
		{F0E5066A-B741-4FA9-9E74-306EB2856FD2}.Debug|x86.ActiveCfg = Debug|Any CPU
		{F0E5066A-B741-4FA9-9E74-306EB2856FD2}.DVD-5|Any CPU.ActiveCfg = Debug|Any CPU
		{F0E5066A-B741-4FA9-9E74-306EB2856FD2}.DVD-5|Any CPU.Build.0 = Debug|Any CPU
		{F0E5066A-B741-4FA9-9E74-306EB2856FD2}.DVD-5|Mixed Platforms.ActiveCfg = Debug|Any CPU
		{F0E5066A-B741-4FA9-9E74-306EB2856FD2}.DVD-5|Mixed Platforms.Build.0 = Debug|Any CPU
		{F0E5066A-B741-4FA9-9E74-306EB2856FD2}.DVD-5|x86.ActiveCfg = Debug|Any CPU
		{F0E5066A-B741-4FA9-9E74-306EB2856FD2}.Release|Any CPU.ActiveCfg = Release|Any CPU
		{F0E5066A-B741-4FA9-9E74-306EB2856FD2}.Release|Any CPU.Build.0 = Release|Any CPU
		{F0E5066A-B741-4FA9-9E74-306EB2856FD2}.Release|Mixed Platforms.ActiveCfg = Release|Any CPU
		{F0E5066A-B741-4FA9-9E74-306EB2856FD2}.Release|Mixed Platforms.Build.0 = Release|Any CPU
		{F0E5066A-B741-4FA9-9E74-306EB2856FD2}.Release|x86.ActiveCfg = Release|Any CPU
		{F0E5066A-B741-4FA9-9E74-306EB2856FD2}.SingleImage|Any CPU.ActiveCfg = Release|Any CPU
		{F0E5066A-B741-4FA9-9E74-306EB2856FD2}.SingleImage|Any CPU.Build.0 = Release|Any CPU
		{F0E5066A-B741-4FA9-9E74-306EB2856FD2}.SingleImage|Mixed Platforms.ActiveCfg = Release|Any CPU
		{F0E5066A-B741-4FA9-9E74-306EB2856FD2}.SingleImage|Mixed Platforms.Build.0 = Release|Any CPU
		{F0E5066A-B741-4FA9-9E74-306EB2856FD2}.SingleImage|x86.ActiveCfg = Release|Any CPU
		{F0E5066A-B741-4FA9-9E74-306EB2856FD2}.TrialBuild|Any CPU.ActiveCfg = TrialBuild|Any CPU
		{F0E5066A-B741-4FA9-9E74-306EB2856FD2}.TrialBuild|Any CPU.Build.0 = TrialBuild|Any CPU
		{F0E5066A-B741-4FA9-9E74-306EB2856FD2}.TrialBuild|Mixed Platforms.ActiveCfg = TrialBuild|Any CPU
		{F0E5066A-B741-4FA9-9E74-306EB2856FD2}.TrialBuild|Mixed Platforms.Build.0 = TrialBuild|Any CPU
		{F0E5066A-B741-4FA9-9E74-306EB2856FD2}.TrialBuild|x86.ActiveCfg = TrialBuild|Any CPU
		{313723CF-1152-4CA0-8B39-FD07150EC3D3}.CD_ROM|Any CPU.ActiveCfg = Release|Any CPU
		{313723CF-1152-4CA0-8B39-FD07150EC3D3}.CD_ROM|Any CPU.Build.0 = Release|Any CPU
		{313723CF-1152-4CA0-8B39-FD07150EC3D3}.CD_ROM|Mixed Platforms.ActiveCfg = Release|Any CPU
		{313723CF-1152-4CA0-8B39-FD07150EC3D3}.CD_ROM|Mixed Platforms.Build.0 = Release|Any CPU
		{313723CF-1152-4CA0-8B39-FD07150EC3D3}.CD_ROM|x86.ActiveCfg = Release|Any CPU
		{313723CF-1152-4CA0-8B39-FD07150EC3D3}.Debug|Any CPU.ActiveCfg = Debug|Any CPU
		{313723CF-1152-4CA0-8B39-FD07150EC3D3}.Debug|Any CPU.Build.0 = Debug|Any CPU
		{313723CF-1152-4CA0-8B39-FD07150EC3D3}.Debug|Mixed Platforms.ActiveCfg = Debug|Any CPU
		{313723CF-1152-4CA0-8B39-FD07150EC3D3}.Debug|Mixed Platforms.Build.0 = Debug|Any CPU
		{313723CF-1152-4CA0-8B39-FD07150EC3D3}.Debug|x86.ActiveCfg = Debug|Any CPU
		{313723CF-1152-4CA0-8B39-FD07150EC3D3}.DVD-5|Any CPU.ActiveCfg = Debug|Any CPU
		{313723CF-1152-4CA0-8B39-FD07150EC3D3}.DVD-5|Any CPU.Build.0 = Debug|Any CPU
		{313723CF-1152-4CA0-8B39-FD07150EC3D3}.DVD-5|Mixed Platforms.ActiveCfg = Debug|Any CPU
		{313723CF-1152-4CA0-8B39-FD07150EC3D3}.DVD-5|Mixed Platforms.Build.0 = Debug|Any CPU
		{313723CF-1152-4CA0-8B39-FD07150EC3D3}.DVD-5|x86.ActiveCfg = Debug|Any CPU
		{313723CF-1152-4CA0-8B39-FD07150EC3D3}.Release|Any CPU.ActiveCfg = Release|Any CPU
		{313723CF-1152-4CA0-8B39-FD07150EC3D3}.Release|Any CPU.Build.0 = Release|Any CPU
		{313723CF-1152-4CA0-8B39-FD07150EC3D3}.Release|Mixed Platforms.ActiveCfg = Release|Any CPU
		{313723CF-1152-4CA0-8B39-FD07150EC3D3}.Release|Mixed Platforms.Build.0 = Release|Any CPU
		{313723CF-1152-4CA0-8B39-FD07150EC3D3}.Release|x86.ActiveCfg = Release|Any CPU
		{313723CF-1152-4CA0-8B39-FD07150EC3D3}.SingleImage|Any CPU.ActiveCfg = Release|Any CPU
		{313723CF-1152-4CA0-8B39-FD07150EC3D3}.SingleImage|Any CPU.Build.0 = Release|Any CPU
		{313723CF-1152-4CA0-8B39-FD07150EC3D3}.SingleImage|Mixed Platforms.ActiveCfg = Release|Any CPU
		{313723CF-1152-4CA0-8B39-FD07150EC3D3}.SingleImage|Mixed Platforms.Build.0 = Release|Any CPU
		{313723CF-1152-4CA0-8B39-FD07150EC3D3}.SingleImage|x86.ActiveCfg = Release|Any CPU
		{313723CF-1152-4CA0-8B39-FD07150EC3D3}.TrialBuild|Any CPU.ActiveCfg = TrialBuild|Any CPU
		{313723CF-1152-4CA0-8B39-FD07150EC3D3}.TrialBuild|Any CPU.Build.0 = TrialBuild|Any CPU
		{313723CF-1152-4CA0-8B39-FD07150EC3D3}.TrialBuild|Mixed Platforms.ActiveCfg = TrialBuild|Any CPU
		{313723CF-1152-4CA0-8B39-FD07150EC3D3}.TrialBuild|Mixed Platforms.Build.0 = TrialBuild|Any CPU
		{313723CF-1152-4CA0-8B39-FD07150EC3D3}.TrialBuild|x86.ActiveCfg = TrialBuild|Any CPU
		{337E5CAE-2A77-498F-8884-0E232015C84E}.CD_ROM|Any CPU.ActiveCfg = Release|Any CPU
		{337E5CAE-2A77-498F-8884-0E232015C84E}.CD_ROM|Any CPU.Build.0 = Release|Any CPU
		{337E5CAE-2A77-498F-8884-0E232015C84E}.CD_ROM|Mixed Platforms.ActiveCfg = Release|Any CPU
		{337E5CAE-2A77-498F-8884-0E232015C84E}.CD_ROM|Mixed Platforms.Build.0 = Release|Any CPU
		{337E5CAE-2A77-498F-8884-0E232015C84E}.CD_ROM|x86.ActiveCfg = Release|Any CPU
		{337E5CAE-2A77-498F-8884-0E232015C84E}.Debug|Any CPU.ActiveCfg = Debug|Any CPU
		{337E5CAE-2A77-498F-8884-0E232015C84E}.Debug|Any CPU.Build.0 = Debug|Any CPU
		{337E5CAE-2A77-498F-8884-0E232015C84E}.Debug|Mixed Platforms.ActiveCfg = Debug|Any CPU
		{337E5CAE-2A77-498F-8884-0E232015C84E}.Debug|Mixed Platforms.Build.0 = Debug|Any CPU
		{337E5CAE-2A77-498F-8884-0E232015C84E}.Debug|x86.ActiveCfg = Debug|Any CPU
		{337E5CAE-2A77-498F-8884-0E232015C84E}.DVD-5|Any CPU.ActiveCfg = Debug|Any CPU
		{337E5CAE-2A77-498F-8884-0E232015C84E}.DVD-5|Any CPU.Build.0 = Debug|Any CPU
		{337E5CAE-2A77-498F-8884-0E232015C84E}.DVD-5|Mixed Platforms.ActiveCfg = Debug|Any CPU
		{337E5CAE-2A77-498F-8884-0E232015C84E}.DVD-5|Mixed Platforms.Build.0 = Debug|Any CPU
		{337E5CAE-2A77-498F-8884-0E232015C84E}.DVD-5|x86.ActiveCfg = Debug|Any CPU
		{337E5CAE-2A77-498F-8884-0E232015C84E}.Release|Any CPU.ActiveCfg = Release|Any CPU
		{337E5CAE-2A77-498F-8884-0E232015C84E}.Release|Any CPU.Build.0 = Release|Any CPU
		{337E5CAE-2A77-498F-8884-0E232015C84E}.Release|Mixed Platforms.ActiveCfg = Release|Any CPU
		{337E5CAE-2A77-498F-8884-0E232015C84E}.Release|Mixed Platforms.Build.0 = Release|Any CPU
		{337E5CAE-2A77-498F-8884-0E232015C84E}.Release|x86.ActiveCfg = Release|Any CPU
		{337E5CAE-2A77-498F-8884-0E232015C84E}.SingleImage|Any CPU.ActiveCfg = Release|Any CPU
		{337E5CAE-2A77-498F-8884-0E232015C84E}.SingleImage|Any CPU.Build.0 = Release|Any CPU
		{337E5CAE-2A77-498F-8884-0E232015C84E}.SingleImage|Mixed Platforms.ActiveCfg = Release|Any CPU
		{337E5CAE-2A77-498F-8884-0E232015C84E}.SingleImage|Mixed Platforms.Build.0 = Release|Any CPU
		{337E5CAE-2A77-498F-8884-0E232015C84E}.SingleImage|x86.ActiveCfg = Release|Any CPU
		{337E5CAE-2A77-498F-8884-0E232015C84E}.TrialBuild|Any CPU.ActiveCfg = TrialBuild|Any CPU
		{337E5CAE-2A77-498F-8884-0E232015C84E}.TrialBuild|Any CPU.Build.0 = TrialBuild|Any CPU
		{337E5CAE-2A77-498F-8884-0E232015C84E}.TrialBuild|Mixed Platforms.ActiveCfg = TrialBuild|Any CPU
		{337E5CAE-2A77-498F-8884-0E232015C84E}.TrialBuild|Mixed Platforms.Build.0 = TrialBuild|Any CPU
		{337E5CAE-2A77-498F-8884-0E232015C84E}.TrialBuild|x86.ActiveCfg = TrialBuild|Any CPU
		{312D1634-A83D-4885-A364-0B1B3576BAC4}.CD_ROM|Any CPU.ActiveCfg = Release|Any CPU
		{312D1634-A83D-4885-A364-0B1B3576BAC4}.CD_ROM|Any CPU.Build.0 = Release|Any CPU
		{312D1634-A83D-4885-A364-0B1B3576BAC4}.CD_ROM|Mixed Platforms.ActiveCfg = Release|Any CPU
		{312D1634-A83D-4885-A364-0B1B3576BAC4}.CD_ROM|Mixed Platforms.Build.0 = Release|Any CPU
		{312D1634-A83D-4885-A364-0B1B3576BAC4}.CD_ROM|x86.ActiveCfg = Release|Any CPU
		{312D1634-A83D-4885-A364-0B1B3576BAC4}.Debug|Any CPU.ActiveCfg = Debug|Any CPU
		{312D1634-A83D-4885-A364-0B1B3576BAC4}.Debug|Any CPU.Build.0 = Debug|Any CPU
		{312D1634-A83D-4885-A364-0B1B3576BAC4}.Debug|Mixed Platforms.ActiveCfg = Debug|Any CPU
		{312D1634-A83D-4885-A364-0B1B3576BAC4}.Debug|Mixed Platforms.Build.0 = Debug|Any CPU
		{312D1634-A83D-4885-A364-0B1B3576BAC4}.Debug|x86.ActiveCfg = Debug|Any CPU
		{312D1634-A83D-4885-A364-0B1B3576BAC4}.DVD-5|Any CPU.ActiveCfg = Debug|Any CPU
		{312D1634-A83D-4885-A364-0B1B3576BAC4}.DVD-5|Any CPU.Build.0 = Debug|Any CPU
		{312D1634-A83D-4885-A364-0B1B3576BAC4}.DVD-5|Mixed Platforms.ActiveCfg = Debug|Any CPU
		{312D1634-A83D-4885-A364-0B1B3576BAC4}.DVD-5|Mixed Platforms.Build.0 = Debug|Any CPU
		{312D1634-A83D-4885-A364-0B1B3576BAC4}.DVD-5|x86.ActiveCfg = Debug|Any CPU
		{312D1634-A83D-4885-A364-0B1B3576BAC4}.Release|Any CPU.ActiveCfg = Release|Any CPU
		{312D1634-A83D-4885-A364-0B1B3576BAC4}.Release|Any CPU.Build.0 = Release|Any CPU
		{312D1634-A83D-4885-A364-0B1B3576BAC4}.Release|Mixed Platforms.ActiveCfg = Release|Any CPU
		{312D1634-A83D-4885-A364-0B1B3576BAC4}.Release|Mixed Platforms.Build.0 = Release|Any CPU
		{312D1634-A83D-4885-A364-0B1B3576BAC4}.Release|x86.ActiveCfg = Release|Any CPU
		{312D1634-A83D-4885-A364-0B1B3576BAC4}.SingleImage|Any CPU.ActiveCfg = Release|Any CPU
		{312D1634-A83D-4885-A364-0B1B3576BAC4}.SingleImage|Any CPU.Build.0 = Release|Any CPU
		{312D1634-A83D-4885-A364-0B1B3576BAC4}.SingleImage|Mixed Platforms.ActiveCfg = Release|Any CPU
		{312D1634-A83D-4885-A364-0B1B3576BAC4}.SingleImage|Mixed Platforms.Build.0 = Release|Any CPU
		{312D1634-A83D-4885-A364-0B1B3576BAC4}.SingleImage|x86.ActiveCfg = Release|Any CPU
		{312D1634-A83D-4885-A364-0B1B3576BAC4}.TrialBuild|Any CPU.ActiveCfg = TrialBuild|Any CPU
		{312D1634-A83D-4885-A364-0B1B3576BAC4}.TrialBuild|Any CPU.Build.0 = TrialBuild|Any CPU
		{312D1634-A83D-4885-A364-0B1B3576BAC4}.TrialBuild|Mixed Platforms.ActiveCfg = TrialBuild|Any CPU
		{312D1634-A83D-4885-A364-0B1B3576BAC4}.TrialBuild|Mixed Platforms.Build.0 = TrialBuild|Any CPU
		{312D1634-A83D-4885-A364-0B1B3576BAC4}.TrialBuild|x86.ActiveCfg = TrialBuild|Any CPU
		{6B4291C4-C236-40EF-A21E-D82CC15E2865}.CD_ROM|Any CPU.ActiveCfg = Release|Any CPU
		{6B4291C4-C236-40EF-A21E-D82CC15E2865}.CD_ROM|Any CPU.Build.0 = Release|Any CPU
		{6B4291C4-C236-40EF-A21E-D82CC15E2865}.CD_ROM|Mixed Platforms.ActiveCfg = Release|Any CPU
		{6B4291C4-C236-40EF-A21E-D82CC15E2865}.CD_ROM|Mixed Platforms.Build.0 = Release|Any CPU
		{6B4291C4-C236-40EF-A21E-D82CC15E2865}.CD_ROM|x86.ActiveCfg = Release|Any CPU
		{6B4291C4-C236-40EF-A21E-D82CC15E2865}.Debug|Any CPU.ActiveCfg = Debug|Any CPU
		{6B4291C4-C236-40EF-A21E-D82CC15E2865}.Debug|Any CPU.Build.0 = Debug|Any CPU
		{6B4291C4-C236-40EF-A21E-D82CC15E2865}.Debug|Mixed Platforms.ActiveCfg = Debug|Any CPU
		{6B4291C4-C236-40EF-A21E-D82CC15E2865}.Debug|Mixed Platforms.Build.0 = Debug|Any CPU
		{6B4291C4-C236-40EF-A21E-D82CC15E2865}.Debug|x86.ActiveCfg = Debug|Any CPU
		{6B4291C4-C236-40EF-A21E-D82CC15E2865}.DVD-5|Any CPU.ActiveCfg = Debug|Any CPU
		{6B4291C4-C236-40EF-A21E-D82CC15E2865}.DVD-5|Any CPU.Build.0 = Debug|Any CPU
		{6B4291C4-C236-40EF-A21E-D82CC15E2865}.DVD-5|Mixed Platforms.ActiveCfg = Debug|Any CPU
		{6B4291C4-C236-40EF-A21E-D82CC15E2865}.DVD-5|Mixed Platforms.Build.0 = Debug|Any CPU
		{6B4291C4-C236-40EF-A21E-D82CC15E2865}.DVD-5|x86.ActiveCfg = Debug|Any CPU
		{6B4291C4-C236-40EF-A21E-D82CC15E2865}.Release|Any CPU.ActiveCfg = Release|Any CPU
		{6B4291C4-C236-40EF-A21E-D82CC15E2865}.Release|Any CPU.Build.0 = Release|Any CPU
		{6B4291C4-C236-40EF-A21E-D82CC15E2865}.Release|Mixed Platforms.ActiveCfg = Release|Any CPU
		{6B4291C4-C236-40EF-A21E-D82CC15E2865}.Release|Mixed Platforms.Build.0 = Release|Any CPU
		{6B4291C4-C236-40EF-A21E-D82CC15E2865}.Release|x86.ActiveCfg = Release|Any CPU
		{6B4291C4-C236-40EF-A21E-D82CC15E2865}.SingleImage|Any CPU.ActiveCfg = Release|Any CPU
		{6B4291C4-C236-40EF-A21E-D82CC15E2865}.SingleImage|Any CPU.Build.0 = Release|Any CPU
		{6B4291C4-C236-40EF-A21E-D82CC15E2865}.SingleImage|Mixed Platforms.ActiveCfg = Release|Any CPU
		{6B4291C4-C236-40EF-A21E-D82CC15E2865}.SingleImage|Mixed Platforms.Build.0 = Release|Any CPU
		{6B4291C4-C236-40EF-A21E-D82CC15E2865}.SingleImage|x86.ActiveCfg = Release|Any CPU
		{6B4291C4-C236-40EF-A21E-D82CC15E2865}.TrialBuild|Any CPU.ActiveCfg = TrialBuild|Any CPU
		{6B4291C4-C236-40EF-A21E-D82CC15E2865}.TrialBuild|Any CPU.Build.0 = TrialBuild|Any CPU
		{6B4291C4-C236-40EF-A21E-D82CC15E2865}.TrialBuild|Mixed Platforms.ActiveCfg = TrialBuild|Any CPU
		{6B4291C4-C236-40EF-A21E-D82CC15E2865}.TrialBuild|Mixed Platforms.Build.0 = TrialBuild|Any CPU
		{6B4291C4-C236-40EF-A21E-D82CC15E2865}.TrialBuild|x86.ActiveCfg = TrialBuild|Any CPU
		{1A1F81B4-FB79-460A-9D82-693559A83E15}.CD_ROM|Any CPU.ActiveCfg = Release|Any CPU
		{1A1F81B4-FB79-460A-9D82-693559A83E15}.CD_ROM|Any CPU.Build.0 = Release|Any CPU
		{1A1F81B4-FB79-460A-9D82-693559A83E15}.CD_ROM|Mixed Platforms.ActiveCfg = Release|Any CPU
		{1A1F81B4-FB79-460A-9D82-693559A83E15}.CD_ROM|Mixed Platforms.Build.0 = Release|Any CPU
		{1A1F81B4-FB79-460A-9D82-693559A83E15}.CD_ROM|x86.ActiveCfg = Release|Any CPU
		{1A1F81B4-FB79-460A-9D82-693559A83E15}.Debug|Any CPU.ActiveCfg = Debug|Any CPU
		{1A1F81B4-FB79-460A-9D82-693559A83E15}.Debug|Any CPU.Build.0 = Debug|Any CPU
		{1A1F81B4-FB79-460A-9D82-693559A83E15}.Debug|Mixed Platforms.ActiveCfg = Debug|Any CPU
		{1A1F81B4-FB79-460A-9D82-693559A83E15}.Debug|Mixed Platforms.Build.0 = Debug|Any CPU
		{1A1F81B4-FB79-460A-9D82-693559A83E15}.Debug|x86.ActiveCfg = Debug|Any CPU
		{1A1F81B4-FB79-460A-9D82-693559A83E15}.DVD-5|Any CPU.ActiveCfg = Debug|Any CPU
		{1A1F81B4-FB79-460A-9D82-693559A83E15}.DVD-5|Any CPU.Build.0 = Debug|Any CPU
		{1A1F81B4-FB79-460A-9D82-693559A83E15}.DVD-5|Mixed Platforms.ActiveCfg = Debug|Any CPU
		{1A1F81B4-FB79-460A-9D82-693559A83E15}.DVD-5|Mixed Platforms.Build.0 = Debug|Any CPU
		{1A1F81B4-FB79-460A-9D82-693559A83E15}.DVD-5|x86.ActiveCfg = Debug|Any CPU
		{1A1F81B4-FB79-460A-9D82-693559A83E15}.Release|Any CPU.ActiveCfg = Release|Any CPU
		{1A1F81B4-FB79-460A-9D82-693559A83E15}.Release|Any CPU.Build.0 = Release|Any CPU
		{1A1F81B4-FB79-460A-9D82-693559A83E15}.Release|Mixed Platforms.ActiveCfg = Release|Any CPU
		{1A1F81B4-FB79-460A-9D82-693559A83E15}.Release|Mixed Platforms.Build.0 = Release|Any CPU
		{1A1F81B4-FB79-460A-9D82-693559A83E15}.Release|x86.ActiveCfg = Release|Any CPU
		{1A1F81B4-FB79-460A-9D82-693559A83E15}.SingleImage|Any CPU.ActiveCfg = Release|Any CPU
		{1A1F81B4-FB79-460A-9D82-693559A83E15}.SingleImage|Any CPU.Build.0 = Release|Any CPU
		{1A1F81B4-FB79-460A-9D82-693559A83E15}.SingleImage|Mixed Platforms.ActiveCfg = Release|Any CPU
		{1A1F81B4-FB79-460A-9D82-693559A83E15}.SingleImage|Mixed Platforms.Build.0 = Release|Any CPU
		{1A1F81B4-FB79-460A-9D82-693559A83E15}.SingleImage|x86.ActiveCfg = Release|Any CPU
		{1A1F81B4-FB79-460A-9D82-693559A83E15}.TrialBuild|Any CPU.ActiveCfg = TrialBuild|Any CPU
		{1A1F81B4-FB79-460A-9D82-693559A83E15}.TrialBuild|Any CPU.Build.0 = TrialBuild|Any CPU
		{1A1F81B4-FB79-460A-9D82-693559A83E15}.TrialBuild|Mixed Platforms.ActiveCfg = TrialBuild|Any CPU
		{1A1F81B4-FB79-460A-9D82-693559A83E15}.TrialBuild|Mixed Platforms.Build.0 = TrialBuild|Any CPU
		{1A1F81B4-FB79-460A-9D82-693559A83E15}.TrialBuild|x86.ActiveCfg = TrialBuild|Any CPU
		{EADFB66D-B4ED-496D-8551-5A85A6FC8737}.CD_ROM|Any CPU.ActiveCfg = Release|Any CPU
		{EADFB66D-B4ED-496D-8551-5A85A6FC8737}.CD_ROM|Any CPU.Build.0 = Release|Any CPU
		{EADFB66D-B4ED-496D-8551-5A85A6FC8737}.CD_ROM|Mixed Platforms.ActiveCfg = Release|Any CPU
		{EADFB66D-B4ED-496D-8551-5A85A6FC8737}.CD_ROM|Mixed Platforms.Build.0 = Release|Any CPU
		{EADFB66D-B4ED-496D-8551-5A85A6FC8737}.CD_ROM|x86.ActiveCfg = Release|Any CPU
		{EADFB66D-B4ED-496D-8551-5A85A6FC8737}.Debug|Any CPU.ActiveCfg = Debug|Any CPU
		{EADFB66D-B4ED-496D-8551-5A85A6FC8737}.Debug|Any CPU.Build.0 = Debug|Any CPU
		{EADFB66D-B4ED-496D-8551-5A85A6FC8737}.Debug|Mixed Platforms.ActiveCfg = Debug|Any CPU
		{EADFB66D-B4ED-496D-8551-5A85A6FC8737}.Debug|Mixed Platforms.Build.0 = Debug|Any CPU
		{EADFB66D-B4ED-496D-8551-5A85A6FC8737}.Debug|x86.ActiveCfg = Debug|Any CPU
		{EADFB66D-B4ED-496D-8551-5A85A6FC8737}.DVD-5|Any CPU.ActiveCfg = Debug|Any CPU
		{EADFB66D-B4ED-496D-8551-5A85A6FC8737}.DVD-5|Any CPU.Build.0 = Debug|Any CPU
		{EADFB66D-B4ED-496D-8551-5A85A6FC8737}.DVD-5|Mixed Platforms.ActiveCfg = Debug|Any CPU
		{EADFB66D-B4ED-496D-8551-5A85A6FC8737}.DVD-5|Mixed Platforms.Build.0 = Debug|Any CPU
		{EADFB66D-B4ED-496D-8551-5A85A6FC8737}.DVD-5|x86.ActiveCfg = Debug|Any CPU
		{EADFB66D-B4ED-496D-8551-5A85A6FC8737}.Release|Any CPU.ActiveCfg = Release|Any CPU
		{EADFB66D-B4ED-496D-8551-5A85A6FC8737}.Release|Any CPU.Build.0 = Release|Any CPU
		{EADFB66D-B4ED-496D-8551-5A85A6FC8737}.Release|Mixed Platforms.ActiveCfg = Release|Any CPU
		{EADFB66D-B4ED-496D-8551-5A85A6FC8737}.Release|Mixed Platforms.Build.0 = Release|Any CPU
		{EADFB66D-B4ED-496D-8551-5A85A6FC8737}.Release|x86.ActiveCfg = Release|Any CPU
		{EADFB66D-B4ED-496D-8551-5A85A6FC8737}.SingleImage|Any CPU.ActiveCfg = Release|Any CPU
		{EADFB66D-B4ED-496D-8551-5A85A6FC8737}.SingleImage|Any CPU.Build.0 = Release|Any CPU
		{EADFB66D-B4ED-496D-8551-5A85A6FC8737}.SingleImage|Mixed Platforms.ActiveCfg = Release|Any CPU
		{EADFB66D-B4ED-496D-8551-5A85A6FC8737}.SingleImage|Mixed Platforms.Build.0 = Release|Any CPU
		{EADFB66D-B4ED-496D-8551-5A85A6FC8737}.SingleImage|x86.ActiveCfg = Release|Any CPU
		{EADFB66D-B4ED-496D-8551-5A85A6FC8737}.TrialBuild|Any CPU.ActiveCfg = TrialBuild|Any CPU
		{EADFB66D-B4ED-496D-8551-5A85A6FC8737}.TrialBuild|Any CPU.Build.0 = TrialBuild|Any CPU
		{EADFB66D-B4ED-496D-8551-5A85A6FC8737}.TrialBuild|Mixed Platforms.ActiveCfg = TrialBuild|Any CPU
		{EADFB66D-B4ED-496D-8551-5A85A6FC8737}.TrialBuild|Mixed Platforms.Build.0 = TrialBuild|Any CPU
		{EADFB66D-B4ED-496D-8551-5A85A6FC8737}.TrialBuild|x86.ActiveCfg = TrialBuild|Any CPU
		{2471A2E1-2FA9-4F51-B1C1-6E1C36EB665F}.CD_ROM|Any CPU.ActiveCfg = Release|Any CPU
		{2471A2E1-2FA9-4F51-B1C1-6E1C36EB665F}.CD_ROM|Any CPU.Build.0 = Release|Any CPU
		{2471A2E1-2FA9-4F51-B1C1-6E1C36EB665F}.CD_ROM|Mixed Platforms.ActiveCfg = Release|Any CPU
		{2471A2E1-2FA9-4F51-B1C1-6E1C36EB665F}.CD_ROM|Mixed Platforms.Build.0 = Release|Any CPU
		{2471A2E1-2FA9-4F51-B1C1-6E1C36EB665F}.CD_ROM|x86.ActiveCfg = Release|Any CPU
		{2471A2E1-2FA9-4F51-B1C1-6E1C36EB665F}.Debug|Any CPU.ActiveCfg = Debug|Any CPU
		{2471A2E1-2FA9-4F51-B1C1-6E1C36EB665F}.Debug|Any CPU.Build.0 = Debug|Any CPU
		{2471A2E1-2FA9-4F51-B1C1-6E1C36EB665F}.Debug|Mixed Platforms.ActiveCfg = Debug|Any CPU
		{2471A2E1-2FA9-4F51-B1C1-6E1C36EB665F}.Debug|Mixed Platforms.Build.0 = Debug|Any CPU
		{2471A2E1-2FA9-4F51-B1C1-6E1C36EB665F}.Debug|x86.ActiveCfg = Debug|Any CPU
		{2471A2E1-2FA9-4F51-B1C1-6E1C36EB665F}.DVD-5|Any CPU.ActiveCfg = Debug|Any CPU
		{2471A2E1-2FA9-4F51-B1C1-6E1C36EB665F}.DVD-5|Any CPU.Build.0 = Debug|Any CPU
		{2471A2E1-2FA9-4F51-B1C1-6E1C36EB665F}.DVD-5|Mixed Platforms.ActiveCfg = Debug|Any CPU
		{2471A2E1-2FA9-4F51-B1C1-6E1C36EB665F}.DVD-5|Mixed Platforms.Build.0 = Debug|Any CPU
		{2471A2E1-2FA9-4F51-B1C1-6E1C36EB665F}.DVD-5|x86.ActiveCfg = Debug|Any CPU
		{2471A2E1-2FA9-4F51-B1C1-6E1C36EB665F}.Release|Any CPU.ActiveCfg = Release|Any CPU
		{2471A2E1-2FA9-4F51-B1C1-6E1C36EB665F}.Release|Any CPU.Build.0 = Release|Any CPU
		{2471A2E1-2FA9-4F51-B1C1-6E1C36EB665F}.Release|Mixed Platforms.ActiveCfg = Release|Any CPU
		{2471A2E1-2FA9-4F51-B1C1-6E1C36EB665F}.Release|Mixed Platforms.Build.0 = Release|Any CPU
		{2471A2E1-2FA9-4F51-B1C1-6E1C36EB665F}.Release|x86.ActiveCfg = Release|Any CPU
		{2471A2E1-2FA9-4F51-B1C1-6E1C36EB665F}.SingleImage|Any CPU.ActiveCfg = Release|Any CPU
		{2471A2E1-2FA9-4F51-B1C1-6E1C36EB665F}.SingleImage|Any CPU.Build.0 = Release|Any CPU
		{2471A2E1-2FA9-4F51-B1C1-6E1C36EB665F}.SingleImage|Mixed Platforms.ActiveCfg = Release|Any CPU
		{2471A2E1-2FA9-4F51-B1C1-6E1C36EB665F}.SingleImage|Mixed Platforms.Build.0 = Release|Any CPU
		{2471A2E1-2FA9-4F51-B1C1-6E1C36EB665F}.SingleImage|x86.ActiveCfg = Release|Any CPU
		{2471A2E1-2FA9-4F51-B1C1-6E1C36EB665F}.TrialBuild|Any CPU.ActiveCfg = TrialBuild|Any CPU
		{2471A2E1-2FA9-4F51-B1C1-6E1C36EB665F}.TrialBuild|Any CPU.Build.0 = TrialBuild|Any CPU
		{2471A2E1-2FA9-4F51-B1C1-6E1C36EB665F}.TrialBuild|Mixed Platforms.ActiveCfg = TrialBuild|Any CPU
		{2471A2E1-2FA9-4F51-B1C1-6E1C36EB665F}.TrialBuild|Mixed Platforms.Build.0 = TrialBuild|Any CPU
		{2471A2E1-2FA9-4F51-B1C1-6E1C36EB665F}.TrialBuild|x86.ActiveCfg = TrialBuild|Any CPU
		{DC91E5EE-875B-4999-9750-5521666E30F8}.CD_ROM|Any CPU.ActiveCfg = Release|Any CPU
		{DC91E5EE-875B-4999-9750-5521666E30F8}.CD_ROM|Any CPU.Build.0 = Release|Any CPU
		{DC91E5EE-875B-4999-9750-5521666E30F8}.CD_ROM|Mixed Platforms.ActiveCfg = Release|Any CPU
		{DC91E5EE-875B-4999-9750-5521666E30F8}.CD_ROM|Mixed Platforms.Build.0 = Release|Any CPU
		{DC91E5EE-875B-4999-9750-5521666E30F8}.CD_ROM|x86.ActiveCfg = Release|Any CPU
		{DC91E5EE-875B-4999-9750-5521666E30F8}.Debug|Any CPU.ActiveCfg = Debug|Any CPU
		{DC91E5EE-875B-4999-9750-5521666E30F8}.Debug|Any CPU.Build.0 = Debug|Any CPU
		{DC91E5EE-875B-4999-9750-5521666E30F8}.Debug|Mixed Platforms.ActiveCfg = Debug|Any CPU
		{DC91E5EE-875B-4999-9750-5521666E30F8}.Debug|Mixed Platforms.Build.0 = Debug|Any CPU
		{DC91E5EE-875B-4999-9750-5521666E30F8}.Debug|x86.ActiveCfg = Debug|Any CPU
		{DC91E5EE-875B-4999-9750-5521666E30F8}.DVD-5|Any CPU.ActiveCfg = Debug|Any CPU
		{DC91E5EE-875B-4999-9750-5521666E30F8}.DVD-5|Any CPU.Build.0 = Debug|Any CPU
		{DC91E5EE-875B-4999-9750-5521666E30F8}.DVD-5|Mixed Platforms.ActiveCfg = Debug|Any CPU
		{DC91E5EE-875B-4999-9750-5521666E30F8}.DVD-5|Mixed Platforms.Build.0 = Debug|Any CPU
		{DC91E5EE-875B-4999-9750-5521666E30F8}.DVD-5|x86.ActiveCfg = Debug|Any CPU
		{DC91E5EE-875B-4999-9750-5521666E30F8}.Release|Any CPU.ActiveCfg = Release|Any CPU
		{DC91E5EE-875B-4999-9750-5521666E30F8}.Release|Any CPU.Build.0 = Release|Any CPU
		{DC91E5EE-875B-4999-9750-5521666E30F8}.Release|Mixed Platforms.ActiveCfg = Release|Any CPU
		{DC91E5EE-875B-4999-9750-5521666E30F8}.Release|Mixed Platforms.Build.0 = Release|Any CPU
		{DC91E5EE-875B-4999-9750-5521666E30F8}.Release|x86.ActiveCfg = Release|Any CPU
		{DC91E5EE-875B-4999-9750-5521666E30F8}.SingleImage|Any CPU.ActiveCfg = Release|Any CPU
		{DC91E5EE-875B-4999-9750-5521666E30F8}.SingleImage|Any CPU.Build.0 = Release|Any CPU
		{DC91E5EE-875B-4999-9750-5521666E30F8}.SingleImage|Mixed Platforms.ActiveCfg = Release|Any CPU
		{DC91E5EE-875B-4999-9750-5521666E30F8}.SingleImage|Mixed Platforms.Build.0 = Release|Any CPU
		{DC91E5EE-875B-4999-9750-5521666E30F8}.SingleImage|x86.ActiveCfg = Release|Any CPU
		{DC91E5EE-875B-4999-9750-5521666E30F8}.TrialBuild|Any CPU.ActiveCfg = TrialBuild|Any CPU
		{DC91E5EE-875B-4999-9750-5521666E30F8}.TrialBuild|Any CPU.Build.0 = TrialBuild|Any CPU
		{DC91E5EE-875B-4999-9750-5521666E30F8}.TrialBuild|Mixed Platforms.ActiveCfg = TrialBuild|Any CPU
		{DC91E5EE-875B-4999-9750-5521666E30F8}.TrialBuild|Mixed Platforms.Build.0 = TrialBuild|Any CPU
		{DC91E5EE-875B-4999-9750-5521666E30F8}.TrialBuild|x86.ActiveCfg = TrialBuild|Any CPU
		{6B168A4B-AF3A-440C-A97F-52062DDF2FCC}.CD_ROM|Any CPU.ActiveCfg = Release|Any CPU
		{6B168A4B-AF3A-440C-A97F-52062DDF2FCC}.CD_ROM|Any CPU.Build.0 = Release|Any CPU
		{6B168A4B-AF3A-440C-A97F-52062DDF2FCC}.CD_ROM|Mixed Platforms.ActiveCfg = Release|Any CPU
		{6B168A4B-AF3A-440C-A97F-52062DDF2FCC}.CD_ROM|Mixed Platforms.Build.0 = Release|Any CPU
		{6B168A4B-AF3A-440C-A97F-52062DDF2FCC}.CD_ROM|x86.ActiveCfg = Release|Any CPU
		{6B168A4B-AF3A-440C-A97F-52062DDF2FCC}.Debug|Any CPU.ActiveCfg = Debug|Any CPU
		{6B168A4B-AF3A-440C-A97F-52062DDF2FCC}.Debug|Any CPU.Build.0 = Debug|Any CPU
		{6B168A4B-AF3A-440C-A97F-52062DDF2FCC}.Debug|Mixed Platforms.ActiveCfg = Debug|Any CPU
		{6B168A4B-AF3A-440C-A97F-52062DDF2FCC}.Debug|Mixed Platforms.Build.0 = Debug|Any CPU
		{6B168A4B-AF3A-440C-A97F-52062DDF2FCC}.Debug|x86.ActiveCfg = Debug|Any CPU
		{6B168A4B-AF3A-440C-A97F-52062DDF2FCC}.DVD-5|Any CPU.ActiveCfg = Debug|Any CPU
		{6B168A4B-AF3A-440C-A97F-52062DDF2FCC}.DVD-5|Any CPU.Build.0 = Debug|Any CPU
		{6B168A4B-AF3A-440C-A97F-52062DDF2FCC}.DVD-5|Mixed Platforms.ActiveCfg = Debug|Any CPU
		{6B168A4B-AF3A-440C-A97F-52062DDF2FCC}.DVD-5|Mixed Platforms.Build.0 = Debug|Any CPU
		{6B168A4B-AF3A-440C-A97F-52062DDF2FCC}.DVD-5|x86.ActiveCfg = Debug|Any CPU
		{6B168A4B-AF3A-440C-A97F-52062DDF2FCC}.Release|Any CPU.ActiveCfg = Release|Any CPU
		{6B168A4B-AF3A-440C-A97F-52062DDF2FCC}.Release|Any CPU.Build.0 = Release|Any CPU
		{6B168A4B-AF3A-440C-A97F-52062DDF2FCC}.Release|Mixed Platforms.ActiveCfg = Release|Any CPU
		{6B168A4B-AF3A-440C-A97F-52062DDF2FCC}.Release|Mixed Platforms.Build.0 = Release|Any CPU
		{6B168A4B-AF3A-440C-A97F-52062DDF2FCC}.Release|x86.ActiveCfg = Release|Any CPU
		{6B168A4B-AF3A-440C-A97F-52062DDF2FCC}.SingleImage|Any CPU.ActiveCfg = Release|Any CPU
		{6B168A4B-AF3A-440C-A97F-52062DDF2FCC}.SingleImage|Any CPU.Build.0 = Release|Any CPU
		{6B168A4B-AF3A-440C-A97F-52062DDF2FCC}.SingleImage|Mixed Platforms.ActiveCfg = Release|Any CPU
		{6B168A4B-AF3A-440C-A97F-52062DDF2FCC}.SingleImage|Mixed Platforms.Build.0 = Release|Any CPU
		{6B168A4B-AF3A-440C-A97F-52062DDF2FCC}.SingleImage|x86.ActiveCfg = Release|Any CPU
		{6B168A4B-AF3A-440C-A97F-52062DDF2FCC}.TrialBuild|Any CPU.ActiveCfg = TrialBuild|Any CPU
		{6B168A4B-AF3A-440C-A97F-52062DDF2FCC}.TrialBuild|Any CPU.Build.0 = TrialBuild|Any CPU
		{6B168A4B-AF3A-440C-A97F-52062DDF2FCC}.TrialBuild|Mixed Platforms.ActiveCfg = TrialBuild|Any CPU
		{6B168A4B-AF3A-440C-A97F-52062DDF2FCC}.TrialBuild|Mixed Platforms.Build.0 = TrialBuild|Any CPU
		{6B168A4B-AF3A-440C-A97F-52062DDF2FCC}.TrialBuild|x86.ActiveCfg = TrialBuild|Any CPU
		{7105E038-3CC9-4C7E-B86D-952D66C3B242}.CD_ROM|Any CPU.ActiveCfg = Release|x86
		{7105E038-3CC9-4C7E-B86D-952D66C3B242}.CD_ROM|Mixed Platforms.ActiveCfg = Release|x86
		{7105E038-3CC9-4C7E-B86D-952D66C3B242}.CD_ROM|Mixed Platforms.Build.0 = Release|x86
		{7105E038-3CC9-4C7E-B86D-952D66C3B242}.CD_ROM|x86.ActiveCfg = Release|x86
		{7105E038-3CC9-4C7E-B86D-952D66C3B242}.CD_ROM|x86.Build.0 = Release|x86
		{7105E038-3CC9-4C7E-B86D-952D66C3B242}.Debug|Any CPU.ActiveCfg = Debug|x86
		{7105E038-3CC9-4C7E-B86D-952D66C3B242}.Debug|Any CPU.Build.0 = Debug|x86
		{7105E038-3CC9-4C7E-B86D-952D66C3B242}.Debug|Mixed Platforms.ActiveCfg = Debug|x86
		{7105E038-3CC9-4C7E-B86D-952D66C3B242}.Debug|Mixed Platforms.Build.0 = Debug|x86
		{7105E038-3CC9-4C7E-B86D-952D66C3B242}.Debug|x86.ActiveCfg = Debug|x86
		{7105E038-3CC9-4C7E-B86D-952D66C3B242}.Debug|x86.Build.0 = Debug|x86
		{7105E038-3CC9-4C7E-B86D-952D66C3B242}.DVD-5|Any CPU.ActiveCfg = Debug|x86
		{7105E038-3CC9-4C7E-B86D-952D66C3B242}.DVD-5|Mixed Platforms.ActiveCfg = Debug|x86
		{7105E038-3CC9-4C7E-B86D-952D66C3B242}.DVD-5|Mixed Platforms.Build.0 = Debug|x86
		{7105E038-3CC9-4C7E-B86D-952D66C3B242}.DVD-5|x86.ActiveCfg = Debug|x86
		{7105E038-3CC9-4C7E-B86D-952D66C3B242}.DVD-5|x86.Build.0 = Debug|x86
		{7105E038-3CC9-4C7E-B86D-952D66C3B242}.Release|Any CPU.ActiveCfg = Release|x86
		{7105E038-3CC9-4C7E-B86D-952D66C3B242}.Release|Mixed Platforms.ActiveCfg = Release|x86
		{7105E038-3CC9-4C7E-B86D-952D66C3B242}.Release|Mixed Platforms.Build.0 = Release|x86
		{7105E038-3CC9-4C7E-B86D-952D66C3B242}.Release|x86.ActiveCfg = Release|x86
		{7105E038-3CC9-4C7E-B86D-952D66C3B242}.Release|x86.Build.0 = Release|x86
		{7105E038-3CC9-4C7E-B86D-952D66C3B242}.SingleImage|Any CPU.ActiveCfg = Release|x86
		{7105E038-3CC9-4C7E-B86D-952D66C3B242}.SingleImage|Mixed Platforms.ActiveCfg = Release|x86
		{7105E038-3CC9-4C7E-B86D-952D66C3B242}.SingleImage|Mixed Platforms.Build.0 = Release|x86
		{7105E038-3CC9-4C7E-B86D-952D66C3B242}.SingleImage|x86.ActiveCfg = Release|x86
		{7105E038-3CC9-4C7E-B86D-952D66C3B242}.SingleImage|x86.Build.0 = Release|x86
		{7105E038-3CC9-4C7E-B86D-952D66C3B242}.TrialBuild|Any CPU.ActiveCfg = TrialBuild|x86
		{7105E038-3CC9-4C7E-B86D-952D66C3B242}.TrialBuild|Mixed Platforms.ActiveCfg = TrialBuild|x86
		{7105E038-3CC9-4C7E-B86D-952D66C3B242}.TrialBuild|Mixed Platforms.Build.0 = TrialBuild|x86
		{7105E038-3CC9-4C7E-B86D-952D66C3B242}.TrialBuild|x86.ActiveCfg = TrialBuild|x86
		{7105E038-3CC9-4C7E-B86D-952D66C3B242}.TrialBuild|x86.Build.0 = TrialBuild|x86
		{B6DB525B-F1D2-4FC1-B060-F98D4B83AF3E}.CD_ROM|Any CPU.ActiveCfg = Release|Any CPU
		{B6DB525B-F1D2-4FC1-B060-F98D4B83AF3E}.CD_ROM|Any CPU.Build.0 = Release|Any CPU
		{B6DB525B-F1D2-4FC1-B060-F98D4B83AF3E}.CD_ROM|Mixed Platforms.ActiveCfg = Release|Any CPU
		{B6DB525B-F1D2-4FC1-B060-F98D4B83AF3E}.CD_ROM|Mixed Platforms.Build.0 = Release|Any CPU
		{B6DB525B-F1D2-4FC1-B060-F98D4B83AF3E}.CD_ROM|x86.ActiveCfg = Release|Any CPU
		{B6DB525B-F1D2-4FC1-B060-F98D4B83AF3E}.Debug|Any CPU.ActiveCfg = Debug|Any CPU
		{B6DB525B-F1D2-4FC1-B060-F98D4B83AF3E}.Debug|Any CPU.Build.0 = Debug|Any CPU
		{B6DB525B-F1D2-4FC1-B060-F98D4B83AF3E}.Debug|Mixed Platforms.ActiveCfg = Debug|Any CPU
		{B6DB525B-F1D2-4FC1-B060-F98D4B83AF3E}.Debug|Mixed Platforms.Build.0 = Debug|Any CPU
		{B6DB525B-F1D2-4FC1-B060-F98D4B83AF3E}.Debug|x86.ActiveCfg = Debug|Any CPU
		{B6DB525B-F1D2-4FC1-B060-F98D4B83AF3E}.DVD-5|Any CPU.ActiveCfg = Debug|Any CPU
		{B6DB525B-F1D2-4FC1-B060-F98D4B83AF3E}.DVD-5|Any CPU.Build.0 = Debug|Any CPU
		{B6DB525B-F1D2-4FC1-B060-F98D4B83AF3E}.DVD-5|Mixed Platforms.ActiveCfg = Debug|Any CPU
		{B6DB525B-F1D2-4FC1-B060-F98D4B83AF3E}.DVD-5|Mixed Platforms.Build.0 = Debug|Any CPU
		{B6DB525B-F1D2-4FC1-B060-F98D4B83AF3E}.DVD-5|x86.ActiveCfg = Debug|Any CPU
		{B6DB525B-F1D2-4FC1-B060-F98D4B83AF3E}.Release|Any CPU.ActiveCfg = Release|Any CPU
		{B6DB525B-F1D2-4FC1-B060-F98D4B83AF3E}.Release|Any CPU.Build.0 = Release|Any CPU
		{B6DB525B-F1D2-4FC1-B060-F98D4B83AF3E}.Release|Mixed Platforms.ActiveCfg = Release|Any CPU
		{B6DB525B-F1D2-4FC1-B060-F98D4B83AF3E}.Release|Mixed Platforms.Build.0 = Release|Any CPU
		{B6DB525B-F1D2-4FC1-B060-F98D4B83AF3E}.Release|x86.ActiveCfg = Release|Any CPU
		{B6DB525B-F1D2-4FC1-B060-F98D4B83AF3E}.SingleImage|Any CPU.ActiveCfg = Release|Any CPU
		{B6DB525B-F1D2-4FC1-B060-F98D4B83AF3E}.SingleImage|Any CPU.Build.0 = Release|Any CPU
		{B6DB525B-F1D2-4FC1-B060-F98D4B83AF3E}.SingleImage|Mixed Platforms.ActiveCfg = Release|Any CPU
		{B6DB525B-F1D2-4FC1-B060-F98D4B83AF3E}.SingleImage|Mixed Platforms.Build.0 = Release|Any CPU
		{B6DB525B-F1D2-4FC1-B060-F98D4B83AF3E}.SingleImage|x86.ActiveCfg = Release|Any CPU
		{B6DB525B-F1D2-4FC1-B060-F98D4B83AF3E}.TrialBuild|Any CPU.ActiveCfg = TrialBuild|Any CPU
		{B6DB525B-F1D2-4FC1-B060-F98D4B83AF3E}.TrialBuild|Any CPU.Build.0 = TrialBuild|Any CPU
		{B6DB525B-F1D2-4FC1-B060-F98D4B83AF3E}.TrialBuild|Mixed Platforms.ActiveCfg = TrialBuild|Any CPU
		{B6DB525B-F1D2-4FC1-B060-F98D4B83AF3E}.TrialBuild|Mixed Platforms.Build.0 = TrialBuild|Any CPU
		{B6DB525B-F1D2-4FC1-B060-F98D4B83AF3E}.TrialBuild|x86.ActiveCfg = TrialBuild|Any CPU
		{8845B6E4-8046-4D89-93EC-DCB5FA7ED5EA}.CD_ROM|Any CPU.ActiveCfg = Release|Any CPU
		{8845B6E4-8046-4D89-93EC-DCB5FA7ED5EA}.CD_ROM|Any CPU.Build.0 = Release|Any CPU
		{8845B6E4-8046-4D89-93EC-DCB5FA7ED5EA}.CD_ROM|Mixed Platforms.ActiveCfg = Release|Any CPU
		{8845B6E4-8046-4D89-93EC-DCB5FA7ED5EA}.CD_ROM|Mixed Platforms.Build.0 = Release|Any CPU
		{8845B6E4-8046-4D89-93EC-DCB5FA7ED5EA}.CD_ROM|x86.ActiveCfg = Release|Any CPU
		{8845B6E4-8046-4D89-93EC-DCB5FA7ED5EA}.Debug|Any CPU.ActiveCfg = Debug|Any CPU
		{8845B6E4-8046-4D89-93EC-DCB5FA7ED5EA}.Debug|Any CPU.Build.0 = Debug|Any CPU
		{8845B6E4-8046-4D89-93EC-DCB5FA7ED5EA}.Debug|Mixed Platforms.ActiveCfg = Debug|Any CPU
		{8845B6E4-8046-4D89-93EC-DCB5FA7ED5EA}.Debug|Mixed Platforms.Build.0 = Debug|Any CPU
		{8845B6E4-8046-4D89-93EC-DCB5FA7ED5EA}.Debug|x86.ActiveCfg = Debug|Any CPU
		{8845B6E4-8046-4D89-93EC-DCB5FA7ED5EA}.DVD-5|Any CPU.ActiveCfg = Debug|Any CPU
		{8845B6E4-8046-4D89-93EC-DCB5FA7ED5EA}.DVD-5|Any CPU.Build.0 = Debug|Any CPU
		{8845B6E4-8046-4D89-93EC-DCB5FA7ED5EA}.DVD-5|Mixed Platforms.ActiveCfg = Debug|Any CPU
		{8845B6E4-8046-4D89-93EC-DCB5FA7ED5EA}.DVD-5|Mixed Platforms.Build.0 = Debug|Any CPU
		{8845B6E4-8046-4D89-93EC-DCB5FA7ED5EA}.DVD-5|x86.ActiveCfg = Debug|Any CPU
		{8845B6E4-8046-4D89-93EC-DCB5FA7ED5EA}.Release|Any CPU.ActiveCfg = Release|Any CPU
		{8845B6E4-8046-4D89-93EC-DCB5FA7ED5EA}.Release|Any CPU.Build.0 = Release|Any CPU
		{8845B6E4-8046-4D89-93EC-DCB5FA7ED5EA}.Release|Mixed Platforms.ActiveCfg = Release|Any CPU
		{8845B6E4-8046-4D89-93EC-DCB5FA7ED5EA}.Release|Mixed Platforms.Build.0 = Release|Any CPU
		{8845B6E4-8046-4D89-93EC-DCB5FA7ED5EA}.Release|x86.ActiveCfg = Release|Any CPU
		{8845B6E4-8046-4D89-93EC-DCB5FA7ED5EA}.SingleImage|Any CPU.ActiveCfg = Release|Any CPU
		{8845B6E4-8046-4D89-93EC-DCB5FA7ED5EA}.SingleImage|Any CPU.Build.0 = Release|Any CPU
		{8845B6E4-8046-4D89-93EC-DCB5FA7ED5EA}.SingleImage|Mixed Platforms.ActiveCfg = Release|Any CPU
		{8845B6E4-8046-4D89-93EC-DCB5FA7ED5EA}.SingleImage|Mixed Platforms.Build.0 = Release|Any CPU
		{8845B6E4-8046-4D89-93EC-DCB5FA7ED5EA}.SingleImage|x86.ActiveCfg = Release|Any CPU
		{8845B6E4-8046-4D89-93EC-DCB5FA7ED5EA}.TrialBuild|Any CPU.ActiveCfg = TrialBuild|Any CPU
		{8845B6E4-8046-4D89-93EC-DCB5FA7ED5EA}.TrialBuild|Any CPU.Build.0 = TrialBuild|Any CPU
		{8845B6E4-8046-4D89-93EC-DCB5FA7ED5EA}.TrialBuild|Mixed Platforms.ActiveCfg = TrialBuild|Any CPU
		{8845B6E4-8046-4D89-93EC-DCB5FA7ED5EA}.TrialBuild|Mixed Platforms.Build.0 = TrialBuild|Any CPU
		{8845B6E4-8046-4D89-93EC-DCB5FA7ED5EA}.TrialBuild|x86.ActiveCfg = TrialBuild|Any CPU
		{6752C1BD-82FB-4D24-8387-6003192E6C53}.CD_ROM|Any CPU.ActiveCfg = Release|Any CPU
		{6752C1BD-82FB-4D24-8387-6003192E6C53}.CD_ROM|Any CPU.Build.0 = Release|Any CPU
		{6752C1BD-82FB-4D24-8387-6003192E6C53}.CD_ROM|Mixed Platforms.ActiveCfg = Release|Any CPU
		{6752C1BD-82FB-4D24-8387-6003192E6C53}.CD_ROM|Mixed Platforms.Build.0 = Release|Any CPU
		{6752C1BD-82FB-4D24-8387-6003192E6C53}.CD_ROM|x86.ActiveCfg = Release|Any CPU
		{6752C1BD-82FB-4D24-8387-6003192E6C53}.Debug|Any CPU.ActiveCfg = Debug|Any CPU
		{6752C1BD-82FB-4D24-8387-6003192E6C53}.Debug|Any CPU.Build.0 = Debug|Any CPU
		{6752C1BD-82FB-4D24-8387-6003192E6C53}.Debug|Mixed Platforms.ActiveCfg = Debug|Any CPU
		{6752C1BD-82FB-4D24-8387-6003192E6C53}.Debug|Mixed Platforms.Build.0 = Debug|Any CPU
		{6752C1BD-82FB-4D24-8387-6003192E6C53}.Debug|x86.ActiveCfg = Debug|Any CPU
		{6752C1BD-82FB-4D24-8387-6003192E6C53}.DVD-5|Any CPU.ActiveCfg = Debug|Any CPU
		{6752C1BD-82FB-4D24-8387-6003192E6C53}.DVD-5|Any CPU.Build.0 = Debug|Any CPU
		{6752C1BD-82FB-4D24-8387-6003192E6C53}.DVD-5|Mixed Platforms.ActiveCfg = Debug|Any CPU
		{6752C1BD-82FB-4D24-8387-6003192E6C53}.DVD-5|Mixed Platforms.Build.0 = Debug|Any CPU
		{6752C1BD-82FB-4D24-8387-6003192E6C53}.DVD-5|x86.ActiveCfg = Debug|Any CPU
		{6752C1BD-82FB-4D24-8387-6003192E6C53}.Release|Any CPU.ActiveCfg = Release|Any CPU
		{6752C1BD-82FB-4D24-8387-6003192E6C53}.Release|Any CPU.Build.0 = Release|Any CPU
		{6752C1BD-82FB-4D24-8387-6003192E6C53}.Release|Mixed Platforms.ActiveCfg = Release|Any CPU
		{6752C1BD-82FB-4D24-8387-6003192E6C53}.Release|Mixed Platforms.Build.0 = Release|Any CPU
		{6752C1BD-82FB-4D24-8387-6003192E6C53}.Release|x86.ActiveCfg = Release|Any CPU
		{6752C1BD-82FB-4D24-8387-6003192E6C53}.SingleImage|Any CPU.ActiveCfg = Release|Any CPU
		{6752C1BD-82FB-4D24-8387-6003192E6C53}.SingleImage|Any CPU.Build.0 = Release|Any CPU
		{6752C1BD-82FB-4D24-8387-6003192E6C53}.SingleImage|Mixed Platforms.ActiveCfg = Release|Any CPU
		{6752C1BD-82FB-4D24-8387-6003192E6C53}.SingleImage|Mixed Platforms.Build.0 = Release|Any CPU
		{6752C1BD-82FB-4D24-8387-6003192E6C53}.SingleImage|x86.ActiveCfg = Release|Any CPU
		{6752C1BD-82FB-4D24-8387-6003192E6C53}.TrialBuild|Any CPU.ActiveCfg = TrialBuild|Any CPU
		{6752C1BD-82FB-4D24-8387-6003192E6C53}.TrialBuild|Any CPU.Build.0 = TrialBuild|Any CPU
		{6752C1BD-82FB-4D24-8387-6003192E6C53}.TrialBuild|Mixed Platforms.ActiveCfg = TrialBuild|Any CPU
		{6752C1BD-82FB-4D24-8387-6003192E6C53}.TrialBuild|Mixed Platforms.Build.0 = TrialBuild|Any CPU
		{6752C1BD-82FB-4D24-8387-6003192E6C53}.TrialBuild|x86.ActiveCfg = TrialBuild|Any CPU
		{DAD73C65-3C24-49BA-8423-35823C020A5A}.CD_ROM|Any CPU.ActiveCfg = Release|Any CPU
		{DAD73C65-3C24-49BA-8423-35823C020A5A}.CD_ROM|Any CPU.Build.0 = Release|Any CPU
		{DAD73C65-3C24-49BA-8423-35823C020A5A}.CD_ROM|Mixed Platforms.ActiveCfg = Release|Any CPU
		{DAD73C65-3C24-49BA-8423-35823C020A5A}.CD_ROM|Mixed Platforms.Build.0 = Release|Any CPU
		{DAD73C65-3C24-49BA-8423-35823C020A5A}.CD_ROM|x86.ActiveCfg = Release|Any CPU
		{DAD73C65-3C24-49BA-8423-35823C020A5A}.Debug|Any CPU.ActiveCfg = Debug|Any CPU
		{DAD73C65-3C24-49BA-8423-35823C020A5A}.Debug|Any CPU.Build.0 = Debug|Any CPU
		{DAD73C65-3C24-49BA-8423-35823C020A5A}.Debug|Mixed Platforms.ActiveCfg = Debug|Any CPU
		{DAD73C65-3C24-49BA-8423-35823C020A5A}.Debug|Mixed Platforms.Build.0 = Debug|Any CPU
		{DAD73C65-3C24-49BA-8423-35823C020A5A}.Debug|x86.ActiveCfg = Debug|Any CPU
		{DAD73C65-3C24-49BA-8423-35823C020A5A}.DVD-5|Any CPU.ActiveCfg = Debug|Any CPU
		{DAD73C65-3C24-49BA-8423-35823C020A5A}.DVD-5|Any CPU.Build.0 = Debug|Any CPU
		{DAD73C65-3C24-49BA-8423-35823C020A5A}.DVD-5|Mixed Platforms.ActiveCfg = Debug|Any CPU
		{DAD73C65-3C24-49BA-8423-35823C020A5A}.DVD-5|Mixed Platforms.Build.0 = Debug|Any CPU
		{DAD73C65-3C24-49BA-8423-35823C020A5A}.DVD-5|x86.ActiveCfg = Debug|Any CPU
		{DAD73C65-3C24-49BA-8423-35823C020A5A}.Release|Any CPU.ActiveCfg = Release|Any CPU
		{DAD73C65-3C24-49BA-8423-35823C020A5A}.Release|Any CPU.Build.0 = Release|Any CPU
		{DAD73C65-3C24-49BA-8423-35823C020A5A}.Release|Mixed Platforms.ActiveCfg = Release|Any CPU
		{DAD73C65-3C24-49BA-8423-35823C020A5A}.Release|Mixed Platforms.Build.0 = Release|Any CPU
		{DAD73C65-3C24-49BA-8423-35823C020A5A}.Release|x86.ActiveCfg = Release|Any CPU
		{DAD73C65-3C24-49BA-8423-35823C020A5A}.SingleImage|Any CPU.ActiveCfg = Release|Any CPU
		{DAD73C65-3C24-49BA-8423-35823C020A5A}.SingleImage|Any CPU.Build.0 = Release|Any CPU
		{DAD73C65-3C24-49BA-8423-35823C020A5A}.SingleImage|Mixed Platforms.ActiveCfg = Release|Any CPU
		{DAD73C65-3C24-49BA-8423-35823C020A5A}.SingleImage|Mixed Platforms.Build.0 = Release|Any CPU
		{DAD73C65-3C24-49BA-8423-35823C020A5A}.SingleImage|x86.ActiveCfg = Release|Any CPU
		{DAD73C65-3C24-49BA-8423-35823C020A5A}.TrialBuild|Any CPU.ActiveCfg = TrialBuild|Any CPU
		{DAD73C65-3C24-49BA-8423-35823C020A5A}.TrialBuild|Any CPU.Build.0 = TrialBuild|Any CPU
		{DAD73C65-3C24-49BA-8423-35823C020A5A}.TrialBuild|Mixed Platforms.ActiveCfg = TrialBuild|Any CPU
		{DAD73C65-3C24-49BA-8423-35823C020A5A}.TrialBuild|Mixed Platforms.Build.0 = TrialBuild|Any CPU
		{DAD73C65-3C24-49BA-8423-35823C020A5A}.TrialBuild|x86.ActiveCfg = TrialBuild|Any CPU
		{46AE634D-B806-4470-83D6-383EA349FA05}.CD_ROM|Any CPU.ActiveCfg = Release|Any CPU
		{46AE634D-B806-4470-83D6-383EA349FA05}.CD_ROM|Any CPU.Build.0 = Release|Any CPU
		{46AE634D-B806-4470-83D6-383EA349FA05}.CD_ROM|Mixed Platforms.ActiveCfg = Release|Any CPU
		{46AE634D-B806-4470-83D6-383EA349FA05}.CD_ROM|Mixed Platforms.Build.0 = Release|Any CPU
		{46AE634D-B806-4470-83D6-383EA349FA05}.CD_ROM|x86.ActiveCfg = Release|Any CPU
		{46AE634D-B806-4470-83D6-383EA349FA05}.Debug|Any CPU.ActiveCfg = Debug|Any CPU
		{46AE634D-B806-4470-83D6-383EA349FA05}.Debug|Any CPU.Build.0 = Debug|Any CPU
		{46AE634D-B806-4470-83D6-383EA349FA05}.Debug|Mixed Platforms.ActiveCfg = Debug|Any CPU
		{46AE634D-B806-4470-83D6-383EA349FA05}.Debug|Mixed Platforms.Build.0 = Debug|Any CPU
		{46AE634D-B806-4470-83D6-383EA349FA05}.Debug|x86.ActiveCfg = Debug|Any CPU
		{46AE634D-B806-4470-83D6-383EA349FA05}.DVD-5|Any CPU.ActiveCfg = Debug|Any CPU
		{46AE634D-B806-4470-83D6-383EA349FA05}.DVD-5|Any CPU.Build.0 = Debug|Any CPU
		{46AE634D-B806-4470-83D6-383EA349FA05}.DVD-5|Mixed Platforms.ActiveCfg = Debug|Any CPU
		{46AE634D-B806-4470-83D6-383EA349FA05}.DVD-5|Mixed Platforms.Build.0 = Debug|Any CPU
		{46AE634D-B806-4470-83D6-383EA349FA05}.DVD-5|x86.ActiveCfg = Debug|Any CPU
		{46AE634D-B806-4470-83D6-383EA349FA05}.Release|Any CPU.ActiveCfg = Release|Any CPU
		{46AE634D-B806-4470-83D6-383EA349FA05}.Release|Any CPU.Build.0 = Release|Any CPU
		{46AE634D-B806-4470-83D6-383EA349FA05}.Release|Mixed Platforms.ActiveCfg = Release|Any CPU
		{46AE634D-B806-4470-83D6-383EA349FA05}.Release|Mixed Platforms.Build.0 = Release|Any CPU
		{46AE634D-B806-4470-83D6-383EA349FA05}.Release|x86.ActiveCfg = Release|Any CPU
		{46AE634D-B806-4470-83D6-383EA349FA05}.SingleImage|Any CPU.ActiveCfg = Release|Any CPU
		{46AE634D-B806-4470-83D6-383EA349FA05}.SingleImage|Any CPU.Build.0 = Release|Any CPU
		{46AE634D-B806-4470-83D6-383EA349FA05}.SingleImage|Mixed Platforms.ActiveCfg = Release|Any CPU
		{46AE634D-B806-4470-83D6-383EA349FA05}.SingleImage|Mixed Platforms.Build.0 = Release|Any CPU
		{46AE634D-B806-4470-83D6-383EA349FA05}.SingleImage|x86.ActiveCfg = Release|Any CPU
		{46AE634D-B806-4470-83D6-383EA349FA05}.TrialBuild|Any CPU.ActiveCfg = TrialBuild|Any CPU
		{46AE634D-B806-4470-83D6-383EA349FA05}.TrialBuild|Any CPU.Build.0 = TrialBuild|Any CPU
		{46AE634D-B806-4470-83D6-383EA349FA05}.TrialBuild|Mixed Platforms.ActiveCfg = TrialBuild|Any CPU
		{46AE634D-B806-4470-83D6-383EA349FA05}.TrialBuild|Mixed Platforms.Build.0 = TrialBuild|Any CPU
		{46AE634D-B806-4470-83D6-383EA349FA05}.TrialBuild|x86.ActiveCfg = TrialBuild|Any CPU
		{95906518-6E29-4431-92F5-56B4CD32E618}.CD_ROM|Any CPU.ActiveCfg = Release|Any CPU
		{95906518-6E29-4431-92F5-56B4CD32E618}.CD_ROM|Any CPU.Build.0 = Release|Any CPU
		{95906518-6E29-4431-92F5-56B4CD32E618}.CD_ROM|Mixed Platforms.ActiveCfg = Release|Any CPU
		{95906518-6E29-4431-92F5-56B4CD32E618}.CD_ROM|Mixed Platforms.Build.0 = Release|Any CPU
		{95906518-6E29-4431-92F5-56B4CD32E618}.CD_ROM|x86.ActiveCfg = Release|Any CPU
		{95906518-6E29-4431-92F5-56B4CD32E618}.Debug|Any CPU.ActiveCfg = Debug|Any CPU
		{95906518-6E29-4431-92F5-56B4CD32E618}.Debug|Any CPU.Build.0 = Debug|Any CPU
		{95906518-6E29-4431-92F5-56B4CD32E618}.Debug|Mixed Platforms.ActiveCfg = Debug|Any CPU
		{95906518-6E29-4431-92F5-56B4CD32E618}.Debug|Mixed Platforms.Build.0 = Debug|Any CPU
		{95906518-6E29-4431-92F5-56B4CD32E618}.Debug|x86.ActiveCfg = Debug|Any CPU
		{95906518-6E29-4431-92F5-56B4CD32E618}.DVD-5|Any CPU.ActiveCfg = Debug|Any CPU
		{95906518-6E29-4431-92F5-56B4CD32E618}.DVD-5|Any CPU.Build.0 = Debug|Any CPU
		{95906518-6E29-4431-92F5-56B4CD32E618}.DVD-5|Mixed Platforms.ActiveCfg = Debug|Any CPU
		{95906518-6E29-4431-92F5-56B4CD32E618}.DVD-5|Mixed Platforms.Build.0 = Debug|Any CPU
		{95906518-6E29-4431-92F5-56B4CD32E618}.DVD-5|x86.ActiveCfg = Debug|Any CPU
		{95906518-6E29-4431-92F5-56B4CD32E618}.Release|Any CPU.ActiveCfg = Release|Any CPU
		{95906518-6E29-4431-92F5-56B4CD32E618}.Release|Any CPU.Build.0 = Release|Any CPU
		{95906518-6E29-4431-92F5-56B4CD32E618}.Release|Mixed Platforms.ActiveCfg = Release|Any CPU
		{95906518-6E29-4431-92F5-56B4CD32E618}.Release|Mixed Platforms.Build.0 = Release|Any CPU
		{95906518-6E29-4431-92F5-56B4CD32E618}.Release|x86.ActiveCfg = Release|Any CPU
		{95906518-6E29-4431-92F5-56B4CD32E618}.SingleImage|Any CPU.ActiveCfg = Release|Any CPU
		{95906518-6E29-4431-92F5-56B4CD32E618}.SingleImage|Any CPU.Build.0 = Release|Any CPU
		{95906518-6E29-4431-92F5-56B4CD32E618}.SingleImage|Mixed Platforms.ActiveCfg = Release|Any CPU
		{95906518-6E29-4431-92F5-56B4CD32E618}.SingleImage|Mixed Platforms.Build.0 = Release|Any CPU
		{95906518-6E29-4431-92F5-56B4CD32E618}.SingleImage|x86.ActiveCfg = Release|Any CPU
		{95906518-6E29-4431-92F5-56B4CD32E618}.TrialBuild|Any CPU.ActiveCfg = TrialBuild|Any CPU
		{95906518-6E29-4431-92F5-56B4CD32E618}.TrialBuild|Any CPU.Build.0 = TrialBuild|Any CPU
		{95906518-6E29-4431-92F5-56B4CD32E618}.TrialBuild|Mixed Platforms.ActiveCfg = TrialBuild|Any CPU
		{95906518-6E29-4431-92F5-56B4CD32E618}.TrialBuild|Mixed Platforms.Build.0 = TrialBuild|Any CPU
		{95906518-6E29-4431-92F5-56B4CD32E618}.TrialBuild|x86.ActiveCfg = TrialBuild|Any CPU
		{A946DDC6-2FD6-484F-9A9B-34CCC22CB134}.CD_ROM|Any CPU.ActiveCfg = Release|Any CPU
		{A946DDC6-2FD6-484F-9A9B-34CCC22CB134}.CD_ROM|Any CPU.Build.0 = Release|Any CPU
		{A946DDC6-2FD6-484F-9A9B-34CCC22CB134}.CD_ROM|Mixed Platforms.ActiveCfg = Release|Any CPU
		{A946DDC6-2FD6-484F-9A9B-34CCC22CB134}.CD_ROM|Mixed Platforms.Build.0 = Release|Any CPU
		{A946DDC6-2FD6-484F-9A9B-34CCC22CB134}.CD_ROM|x86.ActiveCfg = Release|Any CPU
		{A946DDC6-2FD6-484F-9A9B-34CCC22CB134}.Debug|Any CPU.ActiveCfg = Debug|Any CPU
		{A946DDC6-2FD6-484F-9A9B-34CCC22CB134}.Debug|Any CPU.Build.0 = Debug|Any CPU
		{A946DDC6-2FD6-484F-9A9B-34CCC22CB134}.Debug|Mixed Platforms.ActiveCfg = Debug|Any CPU
		{A946DDC6-2FD6-484F-9A9B-34CCC22CB134}.Debug|Mixed Platforms.Build.0 = Debug|Any CPU
		{A946DDC6-2FD6-484F-9A9B-34CCC22CB134}.Debug|x86.ActiveCfg = Debug|Any CPU
		{A946DDC6-2FD6-484F-9A9B-34CCC22CB134}.DVD-5|Any CPU.ActiveCfg = Debug|Any CPU
		{A946DDC6-2FD6-484F-9A9B-34CCC22CB134}.DVD-5|Any CPU.Build.0 = Debug|Any CPU
		{A946DDC6-2FD6-484F-9A9B-34CCC22CB134}.DVD-5|Mixed Platforms.ActiveCfg = Debug|Any CPU
		{A946DDC6-2FD6-484F-9A9B-34CCC22CB134}.DVD-5|Mixed Platforms.Build.0 = Debug|Any CPU
		{A946DDC6-2FD6-484F-9A9B-34CCC22CB134}.DVD-5|x86.ActiveCfg = Debug|Any CPU
		{A946DDC6-2FD6-484F-9A9B-34CCC22CB134}.Release|Any CPU.ActiveCfg = Release|Any CPU
		{A946DDC6-2FD6-484F-9A9B-34CCC22CB134}.Release|Any CPU.Build.0 = Release|Any CPU
		{A946DDC6-2FD6-484F-9A9B-34CCC22CB134}.Release|Mixed Platforms.ActiveCfg = Release|Any CPU
		{A946DDC6-2FD6-484F-9A9B-34CCC22CB134}.Release|Mixed Platforms.Build.0 = Release|Any CPU
		{A946DDC6-2FD6-484F-9A9B-34CCC22CB134}.Release|x86.ActiveCfg = Release|Any CPU
		{A946DDC6-2FD6-484F-9A9B-34CCC22CB134}.SingleImage|Any CPU.ActiveCfg = Release|Any CPU
		{A946DDC6-2FD6-484F-9A9B-34CCC22CB134}.SingleImage|Any CPU.Build.0 = Release|Any CPU
		{A946DDC6-2FD6-484F-9A9B-34CCC22CB134}.SingleImage|Mixed Platforms.ActiveCfg = Release|Any CPU
		{A946DDC6-2FD6-484F-9A9B-34CCC22CB134}.SingleImage|Mixed Platforms.Build.0 = Release|Any CPU
		{A946DDC6-2FD6-484F-9A9B-34CCC22CB134}.SingleImage|x86.ActiveCfg = Release|Any CPU
		{A946DDC6-2FD6-484F-9A9B-34CCC22CB134}.TrialBuild|Any CPU.ActiveCfg = TrialBuild|Any CPU
		{A946DDC6-2FD6-484F-9A9B-34CCC22CB134}.TrialBuild|Any CPU.Build.0 = TrialBuild|Any CPU
		{A946DDC6-2FD6-484F-9A9B-34CCC22CB134}.TrialBuild|Mixed Platforms.ActiveCfg = TrialBuild|Any CPU
		{A946DDC6-2FD6-484F-9A9B-34CCC22CB134}.TrialBuild|Mixed Platforms.Build.0 = TrialBuild|Any CPU
		{A946DDC6-2FD6-484F-9A9B-34CCC22CB134}.TrialBuild|x86.ActiveCfg = TrialBuild|Any CPU
		{D57268E6-B865-4A80-85B3-E9963E37BF4F}.CD_ROM|Any CPU.ActiveCfg = Release|Any CPU
		{D57268E6-B865-4A80-85B3-E9963E37BF4F}.CD_ROM|Any CPU.Build.0 = Release|Any CPU
		{D57268E6-B865-4A80-85B3-E9963E37BF4F}.CD_ROM|Mixed Platforms.ActiveCfg = Release|Any CPU
		{D57268E6-B865-4A80-85B3-E9963E37BF4F}.CD_ROM|Mixed Platforms.Build.0 = Release|Any CPU
		{D57268E6-B865-4A80-85B3-E9963E37BF4F}.CD_ROM|x86.ActiveCfg = Release|Any CPU
		{D57268E6-B865-4A80-85B3-E9963E37BF4F}.Debug|Any CPU.ActiveCfg = Debug|Any CPU
		{D57268E6-B865-4A80-85B3-E9963E37BF4F}.Debug|Any CPU.Build.0 = Debug|Any CPU
		{D57268E6-B865-4A80-85B3-E9963E37BF4F}.Debug|Mixed Platforms.ActiveCfg = Debug|Any CPU
		{D57268E6-B865-4A80-85B3-E9963E37BF4F}.Debug|Mixed Platforms.Build.0 = Debug|Any CPU
		{D57268E6-B865-4A80-85B3-E9963E37BF4F}.Debug|x86.ActiveCfg = Debug|Any CPU
		{D57268E6-B865-4A80-85B3-E9963E37BF4F}.DVD-5|Any CPU.ActiveCfg = Debug|Any CPU
		{D57268E6-B865-4A80-85B3-E9963E37BF4F}.DVD-5|Any CPU.Build.0 = Debug|Any CPU
		{D57268E6-B865-4A80-85B3-E9963E37BF4F}.DVD-5|Mixed Platforms.ActiveCfg = Debug|Any CPU
		{D57268E6-B865-4A80-85B3-E9963E37BF4F}.DVD-5|Mixed Platforms.Build.0 = Debug|Any CPU
		{D57268E6-B865-4A80-85B3-E9963E37BF4F}.DVD-5|x86.ActiveCfg = Debug|Any CPU
		{D57268E6-B865-4A80-85B3-E9963E37BF4F}.Release|Any CPU.ActiveCfg = Release|Any CPU
		{D57268E6-B865-4A80-85B3-E9963E37BF4F}.Release|Any CPU.Build.0 = Release|Any CPU
		{D57268E6-B865-4A80-85B3-E9963E37BF4F}.Release|Mixed Platforms.ActiveCfg = Release|Any CPU
		{D57268E6-B865-4A80-85B3-E9963E37BF4F}.Release|Mixed Platforms.Build.0 = Release|Any CPU
		{D57268E6-B865-4A80-85B3-E9963E37BF4F}.Release|x86.ActiveCfg = Release|Any CPU
		{D57268E6-B865-4A80-85B3-E9963E37BF4F}.SingleImage|Any CPU.ActiveCfg = Release|Any CPU
		{D57268E6-B865-4A80-85B3-E9963E37BF4F}.SingleImage|Any CPU.Build.0 = Release|Any CPU
		{D57268E6-B865-4A80-85B3-E9963E37BF4F}.SingleImage|Mixed Platforms.ActiveCfg = Release|Any CPU
		{D57268E6-B865-4A80-85B3-E9963E37BF4F}.SingleImage|Mixed Platforms.Build.0 = Release|Any CPU
		{D57268E6-B865-4A80-85B3-E9963E37BF4F}.SingleImage|x86.ActiveCfg = Release|Any CPU
		{D57268E6-B865-4A80-85B3-E9963E37BF4F}.TrialBuild|Any CPU.ActiveCfg = TrialBuild|Any CPU
		{D57268E6-B865-4A80-85B3-E9963E37BF4F}.TrialBuild|Any CPU.Build.0 = TrialBuild|Any CPU
		{D57268E6-B865-4A80-85B3-E9963E37BF4F}.TrialBuild|Mixed Platforms.ActiveCfg = TrialBuild|Any CPU
		{D57268E6-B865-4A80-85B3-E9963E37BF4F}.TrialBuild|Mixed Platforms.Build.0 = TrialBuild|Any CPU
		{D57268E6-B865-4A80-85B3-E9963E37BF4F}.TrialBuild|x86.ActiveCfg = TrialBuild|Any CPU
		{B41FD97F-6E6B-436D-8F7F-00D8F4507AF4}.CD_ROM|Any CPU.ActiveCfg = Release|Any CPU
		{B41FD97F-6E6B-436D-8F7F-00D8F4507AF4}.CD_ROM|Any CPU.Build.0 = Release|Any CPU
		{B41FD97F-6E6B-436D-8F7F-00D8F4507AF4}.CD_ROM|Mixed Platforms.ActiveCfg = Release|Any CPU
		{B41FD97F-6E6B-436D-8F7F-00D8F4507AF4}.CD_ROM|Mixed Platforms.Build.0 = Release|Any CPU
		{B41FD97F-6E6B-436D-8F7F-00D8F4507AF4}.CD_ROM|x86.ActiveCfg = Release|Any CPU
		{B41FD97F-6E6B-436D-8F7F-00D8F4507AF4}.CD_ROM|x86.Build.0 = Release|Any CPU
		{B41FD97F-6E6B-436D-8F7F-00D8F4507AF4}.Debug|Any CPU.ActiveCfg = Debug|Any CPU
		{B41FD97F-6E6B-436D-8F7F-00D8F4507AF4}.Debug|Any CPU.Build.0 = Debug|Any CPU
		{B41FD97F-6E6B-436D-8F7F-00D8F4507AF4}.Debug|Mixed Platforms.ActiveCfg = Debug|Any CPU
		{B41FD97F-6E6B-436D-8F7F-00D8F4507AF4}.Debug|Mixed Platforms.Build.0 = Debug|Any CPU
		{B41FD97F-6E6B-436D-8F7F-00D8F4507AF4}.Debug|x86.ActiveCfg = Debug|Any CPU
		{B41FD97F-6E6B-436D-8F7F-00D8F4507AF4}.Debug|x86.Build.0 = Debug|Any CPU
		{B41FD97F-6E6B-436D-8F7F-00D8F4507AF4}.DVD-5|Any CPU.ActiveCfg = Debug|Any CPU
		{B41FD97F-6E6B-436D-8F7F-00D8F4507AF4}.DVD-5|Any CPU.Build.0 = Debug|Any CPU
		{B41FD97F-6E6B-436D-8F7F-00D8F4507AF4}.DVD-5|Mixed Platforms.ActiveCfg = Debug|Any CPU
		{B41FD97F-6E6B-436D-8F7F-00D8F4507AF4}.DVD-5|Mixed Platforms.Build.0 = Debug|Any CPU
		{B41FD97F-6E6B-436D-8F7F-00D8F4507AF4}.DVD-5|x86.ActiveCfg = Debug|Any CPU
		{B41FD97F-6E6B-436D-8F7F-00D8F4507AF4}.DVD-5|x86.Build.0 = Debug|Any CPU
		{B41FD97F-6E6B-436D-8F7F-00D8F4507AF4}.Release|Any CPU.ActiveCfg = Release|Any CPU
		{B41FD97F-6E6B-436D-8F7F-00D8F4507AF4}.Release|Any CPU.Build.0 = Release|Any CPU
		{B41FD97F-6E6B-436D-8F7F-00D8F4507AF4}.Release|Mixed Platforms.ActiveCfg = Release|Any CPU
		{B41FD97F-6E6B-436D-8F7F-00D8F4507AF4}.Release|Mixed Platforms.Build.0 = Release|Any CPU
		{B41FD97F-6E6B-436D-8F7F-00D8F4507AF4}.Release|x86.ActiveCfg = Release|Any CPU
		{B41FD97F-6E6B-436D-8F7F-00D8F4507AF4}.Release|x86.Build.0 = Release|Any CPU
		{B41FD97F-6E6B-436D-8F7F-00D8F4507AF4}.SingleImage|Any CPU.ActiveCfg = Release|Any CPU
		{B41FD97F-6E6B-436D-8F7F-00D8F4507AF4}.SingleImage|Any CPU.Build.0 = Release|Any CPU
		{B41FD97F-6E6B-436D-8F7F-00D8F4507AF4}.SingleImage|Mixed Platforms.ActiveCfg = Release|Any CPU
		{B41FD97F-6E6B-436D-8F7F-00D8F4507AF4}.SingleImage|Mixed Platforms.Build.0 = Release|Any CPU
		{B41FD97F-6E6B-436D-8F7F-00D8F4507AF4}.SingleImage|x86.ActiveCfg = Release|Any CPU
		{B41FD97F-6E6B-436D-8F7F-00D8F4507AF4}.SingleImage|x86.Build.0 = Release|Any CPU
		{B41FD97F-6E6B-436D-8F7F-00D8F4507AF4}.TrialBuild|Any CPU.ActiveCfg = Release|Any CPU
		{B41FD97F-6E6B-436D-8F7F-00D8F4507AF4}.TrialBuild|Any CPU.Build.0 = Release|Any CPU
		{B41FD97F-6E6B-436D-8F7F-00D8F4507AF4}.TrialBuild|Mixed Platforms.ActiveCfg = Release|Any CPU
		{B41FD97F-6E6B-436D-8F7F-00D8F4507AF4}.TrialBuild|Mixed Platforms.Build.0 = Release|Any CPU
		{B41FD97F-6E6B-436D-8F7F-00D8F4507AF4}.TrialBuild|x86.ActiveCfg = Release|Any CPU
		{B41FD97F-6E6B-436D-8F7F-00D8F4507AF4}.TrialBuild|x86.Build.0 = Release|Any CPU
		{AAE263B9-2072-4635-9249-2BD2979C0AED}.CD_ROM|Any CPU.ActiveCfg = Release|Any CPU
		{AAE263B9-2072-4635-9249-2BD2979C0AED}.CD_ROM|Any CPU.Build.0 = Release|Any CPU
		{AAE263B9-2072-4635-9249-2BD2979C0AED}.CD_ROM|Mixed Platforms.ActiveCfg = Release|Any CPU
		{AAE263B9-2072-4635-9249-2BD2979C0AED}.CD_ROM|Mixed Platforms.Build.0 = Release|Any CPU
		{AAE263B9-2072-4635-9249-2BD2979C0AED}.CD_ROM|x86.ActiveCfg = Release|Any CPU
		{AAE263B9-2072-4635-9249-2BD2979C0AED}.CD_ROM|x86.Build.0 = Release|Any CPU
		{AAE263B9-2072-4635-9249-2BD2979C0AED}.Debug|Any CPU.ActiveCfg = Debug|Any CPU
		{AAE263B9-2072-4635-9249-2BD2979C0AED}.Debug|Any CPU.Build.0 = Debug|Any CPU
		{AAE263B9-2072-4635-9249-2BD2979C0AED}.Debug|Mixed Platforms.ActiveCfg = Debug|Any CPU
		{AAE263B9-2072-4635-9249-2BD2979C0AED}.Debug|Mixed Platforms.Build.0 = Debug|Any CPU
		{AAE263B9-2072-4635-9249-2BD2979C0AED}.Debug|x86.ActiveCfg = Debug|Any CPU
		{AAE263B9-2072-4635-9249-2BD2979C0AED}.Debug|x86.Build.0 = Debug|Any CPU
		{AAE263B9-2072-4635-9249-2BD2979C0AED}.DVD-5|Any CPU.ActiveCfg = Debug|Any CPU
		{AAE263B9-2072-4635-9249-2BD2979C0AED}.DVD-5|Any CPU.Build.0 = Debug|Any CPU
		{AAE263B9-2072-4635-9249-2BD2979C0AED}.DVD-5|Mixed Platforms.ActiveCfg = Debug|Any CPU
		{AAE263B9-2072-4635-9249-2BD2979C0AED}.DVD-5|Mixed Platforms.Build.0 = Debug|Any CPU
		{AAE263B9-2072-4635-9249-2BD2979C0AED}.DVD-5|x86.ActiveCfg = Debug|Any CPU
		{AAE263B9-2072-4635-9249-2BD2979C0AED}.DVD-5|x86.Build.0 = Debug|Any CPU
		{AAE263B9-2072-4635-9249-2BD2979C0AED}.Release|Any CPU.ActiveCfg = Release|Any CPU
		{AAE263B9-2072-4635-9249-2BD2979C0AED}.Release|Any CPU.Build.0 = Release|Any CPU
		{AAE263B9-2072-4635-9249-2BD2979C0AED}.Release|Mixed Platforms.ActiveCfg = Release|Any CPU
		{AAE263B9-2072-4635-9249-2BD2979C0AED}.Release|Mixed Platforms.Build.0 = Release|Any CPU
		{AAE263B9-2072-4635-9249-2BD2979C0AED}.Release|x86.ActiveCfg = Release|Any CPU
		{AAE263B9-2072-4635-9249-2BD2979C0AED}.Release|x86.Build.0 = Release|Any CPU
		{AAE263B9-2072-4635-9249-2BD2979C0AED}.SingleImage|Any CPU.ActiveCfg = Release|Any CPU
		{AAE263B9-2072-4635-9249-2BD2979C0AED}.SingleImage|Any CPU.Build.0 = Release|Any CPU
		{AAE263B9-2072-4635-9249-2BD2979C0AED}.SingleImage|Mixed Platforms.ActiveCfg = Release|Any CPU
		{AAE263B9-2072-4635-9249-2BD2979C0AED}.SingleImage|Mixed Platforms.Build.0 = Release|Any CPU
		{AAE263B9-2072-4635-9249-2BD2979C0AED}.SingleImage|x86.ActiveCfg = Release|Any CPU
		{AAE263B9-2072-4635-9249-2BD2979C0AED}.SingleImage|x86.Build.0 = Release|Any CPU
		{AAE263B9-2072-4635-9249-2BD2979C0AED}.TrialBuild|Any CPU.ActiveCfg = Release|Any CPU
		{AAE263B9-2072-4635-9249-2BD2979C0AED}.TrialBuild|Any CPU.Build.0 = Release|Any CPU
		{AAE263B9-2072-4635-9249-2BD2979C0AED}.TrialBuild|Mixed Platforms.ActiveCfg = Release|Any CPU
		{AAE263B9-2072-4635-9249-2BD2979C0AED}.TrialBuild|Mixed Platforms.Build.0 = Release|Any CPU
		{AAE263B9-2072-4635-9249-2BD2979C0AED}.TrialBuild|x86.ActiveCfg = Release|Any CPU
		{AAE263B9-2072-4635-9249-2BD2979C0AED}.TrialBuild|x86.Build.0 = Release|Any CPU
		{D139CDFE-C31D-4023-8F1B-A0183E8A9907}.CD_ROM|Any CPU.ActiveCfg = Release|Any CPU
		{D139CDFE-C31D-4023-8F1B-A0183E8A9907}.CD_ROM|Any CPU.Build.0 = Release|Any CPU
		{D139CDFE-C31D-4023-8F1B-A0183E8A9907}.CD_ROM|Mixed Platforms.ActiveCfg = Release|Any CPU
		{D139CDFE-C31D-4023-8F1B-A0183E8A9907}.CD_ROM|Mixed Platforms.Build.0 = Release|Any CPU
		{D139CDFE-C31D-4023-8F1B-A0183E8A9907}.CD_ROM|x86.ActiveCfg = Release|Any CPU
		{D139CDFE-C31D-4023-8F1B-A0183E8A9907}.CD_ROM|x86.Build.0 = Release|Any CPU
		{D139CDFE-C31D-4023-8F1B-A0183E8A9907}.Debug|Any CPU.ActiveCfg = Debug|Any CPU
		{D139CDFE-C31D-4023-8F1B-A0183E8A9907}.Debug|Any CPU.Build.0 = Debug|Any CPU
		{D139CDFE-C31D-4023-8F1B-A0183E8A9907}.Debug|Mixed Platforms.ActiveCfg = Debug|Any CPU
		{D139CDFE-C31D-4023-8F1B-A0183E8A9907}.Debug|Mixed Platforms.Build.0 = Debug|Any CPU
		{D139CDFE-C31D-4023-8F1B-A0183E8A9907}.Debug|x86.ActiveCfg = Debug|Any CPU
		{D139CDFE-C31D-4023-8F1B-A0183E8A9907}.Debug|x86.Build.0 = Debug|Any CPU
		{D139CDFE-C31D-4023-8F1B-A0183E8A9907}.DVD-5|Any CPU.ActiveCfg = Debug|Any CPU
		{D139CDFE-C31D-4023-8F1B-A0183E8A9907}.DVD-5|Any CPU.Build.0 = Debug|Any CPU
		{D139CDFE-C31D-4023-8F1B-A0183E8A9907}.DVD-5|Mixed Platforms.ActiveCfg = Debug|Any CPU
		{D139CDFE-C31D-4023-8F1B-A0183E8A9907}.DVD-5|Mixed Platforms.Build.0 = Debug|Any CPU
		{D139CDFE-C31D-4023-8F1B-A0183E8A9907}.DVD-5|x86.ActiveCfg = Debug|Any CPU
		{D139CDFE-C31D-4023-8F1B-A0183E8A9907}.DVD-5|x86.Build.0 = Debug|Any CPU
		{D139CDFE-C31D-4023-8F1B-A0183E8A9907}.Release|Any CPU.ActiveCfg = Release|Any CPU
		{D139CDFE-C31D-4023-8F1B-A0183E8A9907}.Release|Any CPU.Build.0 = Release|Any CPU
		{D139CDFE-C31D-4023-8F1B-A0183E8A9907}.Release|Mixed Platforms.ActiveCfg = Release|Any CPU
		{D139CDFE-C31D-4023-8F1B-A0183E8A9907}.Release|Mixed Platforms.Build.0 = Release|Any CPU
		{D139CDFE-C31D-4023-8F1B-A0183E8A9907}.Release|x86.ActiveCfg = Release|Any CPU
		{D139CDFE-C31D-4023-8F1B-A0183E8A9907}.Release|x86.Build.0 = Release|Any CPU
		{D139CDFE-C31D-4023-8F1B-A0183E8A9907}.SingleImage|Any CPU.ActiveCfg = Release|Any CPU
		{D139CDFE-C31D-4023-8F1B-A0183E8A9907}.SingleImage|Any CPU.Build.0 = Release|Any CPU
		{D139CDFE-C31D-4023-8F1B-A0183E8A9907}.SingleImage|Mixed Platforms.ActiveCfg = Release|Any CPU
		{D139CDFE-C31D-4023-8F1B-A0183E8A9907}.SingleImage|Mixed Platforms.Build.0 = Release|Any CPU
		{D139CDFE-C31D-4023-8F1B-A0183E8A9907}.SingleImage|x86.ActiveCfg = Release|Any CPU
		{D139CDFE-C31D-4023-8F1B-A0183E8A9907}.SingleImage|x86.Build.0 = Release|Any CPU
		{D139CDFE-C31D-4023-8F1B-A0183E8A9907}.TrialBuild|Any CPU.ActiveCfg = Release|Any CPU
		{D139CDFE-C31D-4023-8F1B-A0183E8A9907}.TrialBuild|Any CPU.Build.0 = Release|Any CPU
		{D139CDFE-C31D-4023-8F1B-A0183E8A9907}.TrialBuild|Mixed Platforms.ActiveCfg = Release|Any CPU
		{D139CDFE-C31D-4023-8F1B-A0183E8A9907}.TrialBuild|Mixed Platforms.Build.0 = Release|Any CPU
		{D139CDFE-C31D-4023-8F1B-A0183E8A9907}.TrialBuild|x86.ActiveCfg = Release|Any CPU
		{D139CDFE-C31D-4023-8F1B-A0183E8A9907}.TrialBuild|x86.Build.0 = Release|Any CPU
		{81A7A045-D7E5-41B0-953D-4D8EB0016AE0}.CD_ROM|Any CPU.ActiveCfg = Release|Any CPU
		{81A7A045-D7E5-41B0-953D-4D8EB0016AE0}.CD_ROM|Any CPU.Build.0 = Release|Any CPU
		{81A7A045-D7E5-41B0-953D-4D8EB0016AE0}.CD_ROM|Mixed Platforms.ActiveCfg = Release|Any CPU
		{81A7A045-D7E5-41B0-953D-4D8EB0016AE0}.CD_ROM|Mixed Platforms.Build.0 = Release|Any CPU
		{81A7A045-D7E5-41B0-953D-4D8EB0016AE0}.CD_ROM|x86.ActiveCfg = Release|Any CPU
		{81A7A045-D7E5-41B0-953D-4D8EB0016AE0}.CD_ROM|x86.Build.0 = Release|Any CPU
		{81A7A045-D7E5-41B0-953D-4D8EB0016AE0}.Debug|Any CPU.ActiveCfg = Debug|Any CPU
		{81A7A045-D7E5-41B0-953D-4D8EB0016AE0}.Debug|Any CPU.Build.0 = Debug|Any CPU
		{81A7A045-D7E5-41B0-953D-4D8EB0016AE0}.Debug|Mixed Platforms.ActiveCfg = Debug|Any CPU
		{81A7A045-D7E5-41B0-953D-4D8EB0016AE0}.Debug|Mixed Platforms.Build.0 = Debug|Any CPU
		{81A7A045-D7E5-41B0-953D-4D8EB0016AE0}.Debug|x86.ActiveCfg = Debug|Any CPU
		{81A7A045-D7E5-41B0-953D-4D8EB0016AE0}.Debug|x86.Build.0 = Debug|Any CPU
		{81A7A045-D7E5-41B0-953D-4D8EB0016AE0}.DVD-5|Any CPU.ActiveCfg = Debug|Any CPU
		{81A7A045-D7E5-41B0-953D-4D8EB0016AE0}.DVD-5|Any CPU.Build.0 = Debug|Any CPU
		{81A7A045-D7E5-41B0-953D-4D8EB0016AE0}.DVD-5|Mixed Platforms.ActiveCfg = Debug|Any CPU
		{81A7A045-D7E5-41B0-953D-4D8EB0016AE0}.DVD-5|Mixed Platforms.Build.0 = Debug|Any CPU
		{81A7A045-D7E5-41B0-953D-4D8EB0016AE0}.DVD-5|x86.ActiveCfg = Debug|Any CPU
		{81A7A045-D7E5-41B0-953D-4D8EB0016AE0}.DVD-5|x86.Build.0 = Debug|Any CPU
		{81A7A045-D7E5-41B0-953D-4D8EB0016AE0}.Release|Any CPU.ActiveCfg = Release|Any CPU
		{81A7A045-D7E5-41B0-953D-4D8EB0016AE0}.Release|Any CPU.Build.0 = Release|Any CPU
		{81A7A045-D7E5-41B0-953D-4D8EB0016AE0}.Release|Mixed Platforms.ActiveCfg = Release|Any CPU
		{81A7A045-D7E5-41B0-953D-4D8EB0016AE0}.Release|Mixed Platforms.Build.0 = Release|Any CPU
		{81A7A045-D7E5-41B0-953D-4D8EB0016AE0}.Release|x86.ActiveCfg = Release|Any CPU
		{81A7A045-D7E5-41B0-953D-4D8EB0016AE0}.Release|x86.Build.0 = Release|Any CPU
		{81A7A045-D7E5-41B0-953D-4D8EB0016AE0}.SingleImage|Any CPU.ActiveCfg = Release|Any CPU
		{81A7A045-D7E5-41B0-953D-4D8EB0016AE0}.SingleImage|Any CPU.Build.0 = Release|Any CPU
		{81A7A045-D7E5-41B0-953D-4D8EB0016AE0}.SingleImage|Mixed Platforms.ActiveCfg = Release|Any CPU
		{81A7A045-D7E5-41B0-953D-4D8EB0016AE0}.SingleImage|Mixed Platforms.Build.0 = Release|Any CPU
		{81A7A045-D7E5-41B0-953D-4D8EB0016AE0}.SingleImage|x86.ActiveCfg = Release|Any CPU
		{81A7A045-D7E5-41B0-953D-4D8EB0016AE0}.SingleImage|x86.Build.0 = Release|Any CPU
		{81A7A045-D7E5-41B0-953D-4D8EB0016AE0}.TrialBuild|Any CPU.ActiveCfg = Release|Any CPU
		{81A7A045-D7E5-41B0-953D-4D8EB0016AE0}.TrialBuild|Any CPU.Build.0 = Release|Any CPU
		{81A7A045-D7E5-41B0-953D-4D8EB0016AE0}.TrialBuild|Mixed Platforms.ActiveCfg = Release|Any CPU
		{81A7A045-D7E5-41B0-953D-4D8EB0016AE0}.TrialBuild|Mixed Platforms.Build.0 = Release|Any CPU
		{81A7A045-D7E5-41B0-953D-4D8EB0016AE0}.TrialBuild|x86.ActiveCfg = Release|Any CPU
		{81A7A045-D7E5-41B0-953D-4D8EB0016AE0}.TrialBuild|x86.Build.0 = Release|Any CPU
		{BF2F6525-955A-463D-8E0B-4805A65B9172}.CD_ROM|Any CPU.ActiveCfg = Release|Any CPU
		{BF2F6525-955A-463D-8E0B-4805A65B9172}.CD_ROM|Any CPU.Build.0 = Release|Any CPU
		{BF2F6525-955A-463D-8E0B-4805A65B9172}.CD_ROM|Mixed Platforms.ActiveCfg = Release|Any CPU
		{BF2F6525-955A-463D-8E0B-4805A65B9172}.CD_ROM|Mixed Platforms.Build.0 = Release|Any CPU
		{BF2F6525-955A-463D-8E0B-4805A65B9172}.CD_ROM|x86.ActiveCfg = Release|Any CPU
		{BF2F6525-955A-463D-8E0B-4805A65B9172}.CD_ROM|x86.Build.0 = Release|Any CPU
		{BF2F6525-955A-463D-8E0B-4805A65B9172}.Debug|Any CPU.ActiveCfg = Debug|Any CPU
		{BF2F6525-955A-463D-8E0B-4805A65B9172}.Debug|Any CPU.Build.0 = Debug|Any CPU
		{BF2F6525-955A-463D-8E0B-4805A65B9172}.Debug|Mixed Platforms.ActiveCfg = Debug|Any CPU
		{BF2F6525-955A-463D-8E0B-4805A65B9172}.Debug|Mixed Platforms.Build.0 = Debug|Any CPU
		{BF2F6525-955A-463D-8E0B-4805A65B9172}.Debug|x86.ActiveCfg = Debug|Any CPU
		{BF2F6525-955A-463D-8E0B-4805A65B9172}.Debug|x86.Build.0 = Debug|Any CPU
		{BF2F6525-955A-463D-8E0B-4805A65B9172}.DVD-5|Any CPU.ActiveCfg = Debug|Any CPU
		{BF2F6525-955A-463D-8E0B-4805A65B9172}.DVD-5|Any CPU.Build.0 = Debug|Any CPU
		{BF2F6525-955A-463D-8E0B-4805A65B9172}.DVD-5|Mixed Platforms.ActiveCfg = Debug|Any CPU
		{BF2F6525-955A-463D-8E0B-4805A65B9172}.DVD-5|Mixed Platforms.Build.0 = Debug|Any CPU
		{BF2F6525-955A-463D-8E0B-4805A65B9172}.DVD-5|x86.ActiveCfg = Debug|Any CPU
		{BF2F6525-955A-463D-8E0B-4805A65B9172}.DVD-5|x86.Build.0 = Debug|Any CPU
		{BF2F6525-955A-463D-8E0B-4805A65B9172}.Release|Any CPU.ActiveCfg = Release|Any CPU
		{BF2F6525-955A-463D-8E0B-4805A65B9172}.Release|Any CPU.Build.0 = Release|Any CPU
		{BF2F6525-955A-463D-8E0B-4805A65B9172}.Release|Mixed Platforms.ActiveCfg = Release|Any CPU
		{BF2F6525-955A-463D-8E0B-4805A65B9172}.Release|Mixed Platforms.Build.0 = Release|Any CPU
		{BF2F6525-955A-463D-8E0B-4805A65B9172}.Release|x86.ActiveCfg = Release|Any CPU
		{BF2F6525-955A-463D-8E0B-4805A65B9172}.Release|x86.Build.0 = Release|Any CPU
		{BF2F6525-955A-463D-8E0B-4805A65B9172}.SingleImage|Any CPU.ActiveCfg = Release|Any CPU
		{BF2F6525-955A-463D-8E0B-4805A65B9172}.SingleImage|Any CPU.Build.0 = Release|Any CPU
		{BF2F6525-955A-463D-8E0B-4805A65B9172}.SingleImage|Mixed Platforms.ActiveCfg = Release|Any CPU
		{BF2F6525-955A-463D-8E0B-4805A65B9172}.SingleImage|Mixed Platforms.Build.0 = Release|Any CPU
		{BF2F6525-955A-463D-8E0B-4805A65B9172}.SingleImage|x86.ActiveCfg = Release|Any CPU
		{BF2F6525-955A-463D-8E0B-4805A65B9172}.SingleImage|x86.Build.0 = Release|Any CPU
		{BF2F6525-955A-463D-8E0B-4805A65B9172}.TrialBuild|Any CPU.ActiveCfg = Release|Any CPU
		{BF2F6525-955A-463D-8E0B-4805A65B9172}.TrialBuild|Any CPU.Build.0 = Release|Any CPU
		{BF2F6525-955A-463D-8E0B-4805A65B9172}.TrialBuild|Mixed Platforms.ActiveCfg = Release|Any CPU
		{BF2F6525-955A-463D-8E0B-4805A65B9172}.TrialBuild|Mixed Platforms.Build.0 = Release|Any CPU
		{BF2F6525-955A-463D-8E0B-4805A65B9172}.TrialBuild|x86.ActiveCfg = Release|Any CPU
		{BF2F6525-955A-463D-8E0B-4805A65B9172}.TrialBuild|x86.Build.0 = Release|Any CPU
		{4012DAE4-DB35-4B31-9B5D-FB373F755773}.CD_ROM|Any CPU.ActiveCfg = Release|Any CPU
		{4012DAE4-DB35-4B31-9B5D-FB373F755773}.CD_ROM|Any CPU.Build.0 = Release|Any CPU
		{4012DAE4-DB35-4B31-9B5D-FB373F755773}.CD_ROM|Mixed Platforms.ActiveCfg = Release|Any CPU
		{4012DAE4-DB35-4B31-9B5D-FB373F755773}.CD_ROM|Mixed Platforms.Build.0 = Release|Any CPU
		{4012DAE4-DB35-4B31-9B5D-FB373F755773}.CD_ROM|x86.ActiveCfg = Release|Any CPU
		{4012DAE4-DB35-4B31-9B5D-FB373F755773}.CD_ROM|x86.Build.0 = Release|Any CPU
		{4012DAE4-DB35-4B31-9B5D-FB373F755773}.Debug|Any CPU.ActiveCfg = Debug|Any CPU
		{4012DAE4-DB35-4B31-9B5D-FB373F755773}.Debug|Any CPU.Build.0 = Debug|Any CPU
		{4012DAE4-DB35-4B31-9B5D-FB373F755773}.Debug|Mixed Platforms.ActiveCfg = Debug|Any CPU
		{4012DAE4-DB35-4B31-9B5D-FB373F755773}.Debug|Mixed Platforms.Build.0 = Debug|Any CPU
		{4012DAE4-DB35-4B31-9B5D-FB373F755773}.Debug|x86.ActiveCfg = Debug|Any CPU
		{4012DAE4-DB35-4B31-9B5D-FB373F755773}.Debug|x86.Build.0 = Debug|Any CPU
		{4012DAE4-DB35-4B31-9B5D-FB373F755773}.DVD-5|Any CPU.ActiveCfg = Debug|Any CPU
		{4012DAE4-DB35-4B31-9B5D-FB373F755773}.DVD-5|Any CPU.Build.0 = Debug|Any CPU
		{4012DAE4-DB35-4B31-9B5D-FB373F755773}.DVD-5|Mixed Platforms.ActiveCfg = Debug|Any CPU
		{4012DAE4-DB35-4B31-9B5D-FB373F755773}.DVD-5|Mixed Platforms.Build.0 = Debug|Any CPU
		{4012DAE4-DB35-4B31-9B5D-FB373F755773}.DVD-5|x86.ActiveCfg = Debug|Any CPU
		{4012DAE4-DB35-4B31-9B5D-FB373F755773}.DVD-5|x86.Build.0 = Debug|Any CPU
		{4012DAE4-DB35-4B31-9B5D-FB373F755773}.Release|Any CPU.ActiveCfg = Release|Any CPU
		{4012DAE4-DB35-4B31-9B5D-FB373F755773}.Release|Any CPU.Build.0 = Release|Any CPU
		{4012DAE4-DB35-4B31-9B5D-FB373F755773}.Release|Mixed Platforms.ActiveCfg = Release|Any CPU
		{4012DAE4-DB35-4B31-9B5D-FB373F755773}.Release|Mixed Platforms.Build.0 = Release|Any CPU
		{4012DAE4-DB35-4B31-9B5D-FB373F755773}.Release|x86.ActiveCfg = Release|Any CPU
		{4012DAE4-DB35-4B31-9B5D-FB373F755773}.Release|x86.Build.0 = Release|Any CPU
		{4012DAE4-DB35-4B31-9B5D-FB373F755773}.SingleImage|Any CPU.ActiveCfg = Release|Any CPU
		{4012DAE4-DB35-4B31-9B5D-FB373F755773}.SingleImage|Any CPU.Build.0 = Release|Any CPU
		{4012DAE4-DB35-4B31-9B5D-FB373F755773}.SingleImage|Mixed Platforms.ActiveCfg = Release|Any CPU
		{4012DAE4-DB35-4B31-9B5D-FB373F755773}.SingleImage|Mixed Platforms.Build.0 = Release|Any CPU
		{4012DAE4-DB35-4B31-9B5D-FB373F755773}.SingleImage|x86.ActiveCfg = Release|Any CPU
		{4012DAE4-DB35-4B31-9B5D-FB373F755773}.SingleImage|x86.Build.0 = Release|Any CPU
		{4012DAE4-DB35-4B31-9B5D-FB373F755773}.TrialBuild|Any CPU.ActiveCfg = Release|Any CPU
		{4012DAE4-DB35-4B31-9B5D-FB373F755773}.TrialBuild|Any CPU.Build.0 = Release|Any CPU
		{4012DAE4-DB35-4B31-9B5D-FB373F755773}.TrialBuild|Mixed Platforms.ActiveCfg = Release|Any CPU
		{4012DAE4-DB35-4B31-9B5D-FB373F755773}.TrialBuild|Mixed Platforms.Build.0 = Release|Any CPU
		{4012DAE4-DB35-4B31-9B5D-FB373F755773}.TrialBuild|x86.ActiveCfg = Release|Any CPU
		{4012DAE4-DB35-4B31-9B5D-FB373F755773}.TrialBuild|x86.Build.0 = Release|Any CPU
	EndGlobalSection
	GlobalSection(SolutionProperties) = preSolution
		HideSolutionNode = FALSE
	EndGlobalSection
	GlobalSection(ExtensibilityGlobals) = postSolution
		SolutionGuid = {5059E061-D357-41C9-A08F-D390D502993A}
	EndGlobalSection
EndGlobal
